// !$*UTF8*$!
{
	archiveVersion = 1;
	classes = {
	};
	objectVersion = 46;
	objects = {

/* Begin PBXBuildFile section */
		C6011B15151484BE00A0A49C /* LocalAutocompleteDB.h in Headers */ = {isa = PBXBuildFile; fileRef = C6011B13151484BE00A0A49C /* LocalAutocompleteDB.h */; };
		C6011B17151484BE00A0A49C /* LocalAutocompleteDB.m in Sources */ = {isa = PBXBuildFile; fileRef = C6011B14151484BE00A0A49C /* LocalAutocompleteDB.m */; };
		C6053FB514F24616003A581D /* WeiboBaseStatus.m in Sources */ = {isa = PBXBuildFile; fileRef = C6DE37CC14EF75AC004DAFE9 /* WeiboBaseStatus.m */; };
		C6053FB714F2462B003A581D /* WTActiveTextRanges.m in Sources */ = {isa = PBXBuildFile; fileRef = C6DE37CF14EF7922004DAFE9 /* WTActiveTextRanges.m */; };
		C6053FEC14F382E2003A581D /* SSKeychain.m in Sources */ = {isa = PBXBuildFile; fileRef = C6053FE914F380F1003A581D /* SSKeychain.m */; };
		C6084B3F17D1DD1E00A667F2 /* WeiboAccount+Superpower.h in Headers */ = {isa = PBXBuildFile; fileRef = C6084B3D17D1DD1E00A667F2 /* WeiboAccount+Superpower.h */; };
		C6084B4017D1DD1E00A667F2 /* WeiboAccount+Superpower.m in Sources */ = {isa = PBXBuildFile; fileRef = C6084B3E17D1DD1E00A667F2 /* WeiboAccount+Superpower.m */; };
		C6084B4317D1E13D00A667F2 /* WeiboAPI+SuperpowerAuth.h in Headers */ = {isa = PBXBuildFile; fileRef = C6084B4117D1E13D00A667F2 /* WeiboAPI+SuperpowerAuth.h */; };
		C6084B4417D1E13D00A667F2 /* WeiboAPI+SuperpowerAuth.m in Sources */ = {isa = PBXBuildFile; fileRef = C6084B4217D1E13D00A667F2 /* WeiboAPI+SuperpowerAuth.m */; };
		C6084B4B17D2056500A667F2 /* WeiboSuperpowerAPI.h in Headers */ = {isa = PBXBuildFile; fileRef = C6084B4917D2056500A667F2 /* WeiboSuperpowerAPI.h */; };
		C6084B4C17D2056500A667F2 /* WeiboSuperpowerAPI.m in Sources */ = {isa = PBXBuildFile; fileRef = C6084B4A17D2056500A667F2 /* WeiboSuperpowerAPI.m */; };
		C6094FA7155764FE0038C7D2 /* WeiboStatusStreamFilter.m in Sources */ = {isa = PBXBuildFile; fileRef = C6094FA4155764F10038C7D2 /* WeiboStatusStreamFilter.m */; };
		C6094FAC155766500038C7D2 /* WeiboStatusStreamFilterSimpleSearchFilter.h in Headers */ = {isa = PBXBuildFile; fileRef = C6094FAA155766500038C7D2 /* WeiboStatusStreamFilterSimpleSearchFilter.h */; };
		C6094FAE155766500038C7D2 /* WeiboStatusStreamFilterSimpleSearchFilter.m in Sources */ = {isa = PBXBuildFile; fileRef = C6094FAB155766500038C7D2 /* WeiboStatusStreamFilterSimpleSearchFilter.m */; };
		C6094FB11557E95A0038C7D2 /* WeiboTrendStatusesStream.h in Headers */ = {isa = PBXBuildFile; fileRef = C6094FAF1557E95A0038C7D2 /* WeiboTrendStatusesStream.h */; };
		C6094FB31557E95A0038C7D2 /* WeiboTrendStatusesStream.m in Sources */ = {isa = PBXBuildFile; fileRef = C6094FB01557E95A0038C7D2 /* WeiboTrendStatusesStream.m */; };
		C60B51231745D6A200E99C07 /* WeiboUserList.h in Headers */ = {isa = PBXBuildFile; fileRef = C60B51211745D6A200E99C07 /* WeiboUserList.h */; };
		C60B51251745D6A200E99C07 /* WeiboUserList.m in Sources */ = {isa = PBXBuildFile; fileRef = C60B51221745D6A200E99C07 /* WeiboUserList.m */; };
		C60B51281745D72F00E99C07 /* WeiboUserUserList.h in Headers */ = {isa = PBXBuildFile; fileRef = C60B51261745D72D00E99C07 /* WeiboUserUserList.h */; };
		C60B512A1745D72F00E99C07 /* WeiboUserUserList.m in Sources */ = {isa = PBXBuildFile; fileRef = C60B51271745D72E00E99C07 /* WeiboUserUserList.m */; };
		C60B512D1745DB7F00E99C07 /* WeiboUserRelationshipUserList.h in Headers */ = {isa = PBXBuildFile; fileRef = C60B512B1745DB7D00E99C07 /* WeiboUserRelationshipUserList.h */; };
		C60B512F1745DB7F00E99C07 /* WeiboUserRelationshipUserList.m in Sources */ = {isa = PBXBuildFile; fileRef = C60B512C1745DB7E00E99C07 /* WeiboUserRelationshipUserList.m */; };
		C60B51321745DBB100E99C07 /* WeiboUserFollowersList.h in Headers */ = {isa = PBXBuildFile; fileRef = C60B51301745DBAE00E99C07 /* WeiboUserFollowersList.h */; };
		C60B51341745DBB100E99C07 /* WeiboUserFollowersList.m in Sources */ = {isa = PBXBuildFile; fileRef = C60B51311745DBAF00E99C07 /* WeiboUserFollowersList.m */; };
		C60B51371745DBCA00E99C07 /* WeiboUserFollowingList.h in Headers */ = {isa = PBXBuildFile; fileRef = C60B51351745DBC600E99C07 /* WeiboUserFollowingList.h */; };
		C60B51391745DBCA00E99C07 /* WeiboUserFollowingList.m in Sources */ = {isa = PBXBuildFile; fileRef = C60B51361745DBC800E99C07 /* WeiboUserFollowingList.m */; };
		C61E986715A9921100C42FE5 /* WeiboEmotion.h in Headers */ = {isa = PBXBuildFile; fileRef = C61E986515A9921100C42FE5 /* WeiboEmotion.h */; };
		C61E986915A9921100C42FE5 /* WeiboEmotion.m in Sources */ = {isa = PBXBuildFile; fileRef = C61E986615A9921100C42FE5 /* WeiboEmotion.m */; };
		C620027817A407DD00283648 /* WeiboList.h in Headers */ = {isa = PBXBuildFile; fileRef = C620027617A407DD00283648 /* WeiboList.h */; };
		C620027917A407DD00283648 /* WeiboList.m in Sources */ = {isa = PBXBuildFile; fileRef = C620027717A407DD00283648 /* WeiboList.m */; };
		C620027C17A4116E00283648 /* WeiboListStream.h in Headers */ = {isa = PBXBuildFile; fileRef = C620027A17A4116E00283648 /* WeiboListStream.h */; };
		C620027D17A4116E00283648 /* WeiboListStream.m in Sources */ = {isa = PBXBuildFile; fileRef = C620027B17A4116E00283648 /* WeiboListStream.m */; };
		C620028017A42BB800283648 /* WeiboAccount+Lists.h in Headers */ = {isa = PBXBuildFile; fileRef = C620027E17A42BB800283648 /* WeiboAccount+Lists.h */; };
		C620028117A42BB800283648 /* WeiboAccount+Lists.m in Sources */ = {isa = PBXBuildFile; fileRef = C620027F17A42BB800283648 /* WeiboAccount+Lists.m */; };
		C630CC6F152ABFDA00A5AF7A /* WTFileManager.m in Sources */ = {isa = PBXBuildFile; fileRef = C630CC6C152ABDED00A5AF7A /* WTFileManager.m */; };
		C638914A175840400005069A /* WeiboPicture.h in Headers */ = {isa = PBXBuildFile; fileRef = C63891481758403E0005069A /* WeiboPicture.h */; };
		C638914B175840400005069A /* WeiboPicture.m in Sources */ = {isa = PBXBuildFile; fileRef = C63891491758403F0005069A /* WeiboPicture.m */; };
		C643871717D7769F0097FB72 /* WeiboDirectMessageStream.h in Headers */ = {isa = PBXBuildFile; fileRef = C643871517D7769F0097FB72 /* WeiboDirectMessageStream.h */; };
		C643871817D7769F0097FB72 /* WeiboDirectMessageStream.m in Sources */ = {isa = PBXBuildFile; fileRef = C643871617D7769F0097FB72 /* WeiboDirectMessageStream.m */; };
		C643871B17D77BD00097FB72 /* WeiboSentDirectMessageStream.h in Headers */ = {isa = PBXBuildFile; fileRef = C643871917D77BD00097FB72 /* WeiboSentDirectMessageStream.h */; };
		C643871C17D77BD00097FB72 /* WeiboSentDirectMessageStream.m in Sources */ = {isa = PBXBuildFile; fileRef = C643871A17D77BD00097FB72 /* WeiboSentDirectMessageStream.m */; };
		C643871F17D77BF20097FB72 /* WeiboReceivedDirectMessageStream.h in Headers */ = {isa = PBXBuildFile; fileRef = C643871D17D77BF20097FB72 /* WeiboReceivedDirectMessageStream.h */; };
		C643872017D77BF20097FB72 /* WeiboReceivedDirectMessageStream.m in Sources */ = {isa = PBXBuildFile; fileRef = C643871E17D77BF20097FB72 /* WeiboReceivedDirectMessageStream.m */; };
		C6647D3014ED638E00422998 /* ASIDataCompressor.m in Sources */ = {isa = PBXBuildFile; fileRef = C6E2D06114E6BF02000D3507 /* ASIDataCompressor.m */; };
		C6647D3214ED638E00422998 /* ASIDataDecompressor.m in Sources */ = {isa = PBXBuildFile; fileRef = C6E2D06314E6BF02000D3507 /* ASIDataDecompressor.m */; };
		C6647D3414ED638E00422998 /* ASIDownloadCache.m in Sources */ = {isa = PBXBuildFile; fileRef = C6E2D06514E6BF02000D3507 /* ASIDownloadCache.m */; };
		C6647D3614ED638E00422998 /* ASIFormDataRequest.m in Sources */ = {isa = PBXBuildFile; fileRef = C6E2D06714E6BF02000D3507 /* ASIFormDataRequest.m */; };
		C6647D3814ED638E00422998 /* ASIHTTPRequest.m in Sources */ = {isa = PBXBuildFile; fileRef = C6E2D06914E6BF02000D3507 /* ASIHTTPRequest.m */; };
		C6647D3C14ED638E00422998 /* ASIInputStream.m in Sources */ = {isa = PBXBuildFile; fileRef = C6E2D06D14E6BF02000D3507 /* ASIInputStream.m */; };
		C6647D3E14ED638E00422998 /* ASINetworkQueue.m in Sources */ = {isa = PBXBuildFile; fileRef = C6E2D06F14E6BF02000D3507 /* ASINetworkQueue.m */; };
		C6647D4114ED638E00422998 /* WTHTTPRequest.m in Sources */ = {isa = PBXBuildFile; fileRef = C6E1CD5A14E5FB2E000137B9 /* WTHTTPRequest.m */; };
		C6647D4314ED638E00422998 /* WeiboRequestError.m in Sources */ = {isa = PBXBuildFile; fileRef = C6F317B114E7CD2200A952FE /* WeiboRequestError.m */; };
		C6647D4514ED638E00422998 /* WTCallback.m in Sources */ = {isa = PBXBuildFile; fileRef = C6FC9E6514E3C43D00094A8F /* WTCallback.m */; };
		C6647D4714ED638E00422998 /* WTKeychain.m in Sources */ = {isa = PBXBuildFile; fileRef = C6DB908214E4C0F0001DE9F5 /* WTKeychain.m */; };
		C6647D4914ED638E00422998 /* WeiboAPI.m in Sources */ = {isa = PBXBuildFile; fileRef = C6DB909414E4EE3B001DE9F5 /* WeiboAPI.m */; };
		C6647D4D14ED638E00422998 /* WeiboAccount.m in Sources */ = {isa = PBXBuildFile; fileRef = C6DB909814E4EEC8001DE9F5 /* WeiboAccount.m */; };
		C6647D4F14ED638E00422998 /* WeiboStatus.m in Sources */ = {isa = PBXBuildFile; fileRef = C6E2D08E14E7A136000D3507 /* WeiboStatus.m */; };
		C6647D5114ED638E00422998 /* WeiboUser.m in Sources */ = {isa = PBXBuildFile; fileRef = C6DB90A114E50A8E001DE9F5 /* WeiboUser.m */; };
		C6647D5314ED638E00422998 /* WeiboConfiguration.m in Sources */ = {isa = PBXBuildFile; fileRef = C6DB90C614E51127001DE9F5 /* WeiboConfiguration.m */; };
		C6647D5714ED638E00422998 /* WeiboGeotag.m in Sources */ = {isa = PBXBuildFile; fileRef = C617C91A14EBAB1E00CC75F5 /* WeiboGeotag.m */; };
		C6647D5914ED638E00422998 /* NSDictionary+WeiboAdditions.m in Sources */ = {isa = PBXBuildFile; fileRef = C617C92214EBDF7600CC75F5 /* NSDictionary+WeiboAdditions.m */; };
		C6647D5B14ED638E00422998 /* WTOASingnaturer.m in Sources */ = {isa = PBXBuildFile; fileRef = C6CED1A214E686180033CA45 /* WTOASingnaturer.m */; };
		C6647D5E14ED638E00422998 /* Base64Transcoder.c in Sources */ = {isa = PBXBuildFile; fileRef = C6CED19C14E666650033CA45 /* Base64Transcoder.c */; };
		C6647D6114ED638E00422998 /* NSString+URLEncoding.m in Sources */ = {isa = PBXBuildFile; fileRef = C6CED19314E6662B0033CA45 /* NSString+URLEncoding.m */; };
		C6647D6514ED638E00422998 /* NSURL+Base.m in Sources */ = {isa = PBXBuildFile; fileRef = C6CED19714E6662B0033CA45 /* NSURL+Base.m */; };
		C6647D6914ED638E00422998 /* OAToken.m in Sources */ = {isa = PBXBuildFile; fileRef = C6CED17414E6661A0033CA45 /* OAToken.m */; };
		C6647D6B14ED638E00422998 /* OAConsumer.m in Sources */ = {isa = PBXBuildFile; fileRef = C6CED17614E6661A0033CA45 /* OAConsumer.m */; };
		C6647D6F14ED638E00422998 /* OAHMAC_SHA1SignatureProvider.m in Sources */ = {isa = PBXBuildFile; fileRef = C6CED17A14E6661A0033CA45 /* OAHMAC_SHA1SignatureProvider.m */; };
		C6647D7114ED638E00422998 /* OAPlaintextSignatureProvider.m in Sources */ = {isa = PBXBuildFile; fileRef = C6CED17C14E6661A0033CA45 /* OAPlaintextSignatureProvider.m */; };
		C6647D7314ED638E00422998 /* OARequestParameter.m in Sources */ = {isa = PBXBuildFile; fileRef = C6CED17E14E6661A0033CA45 /* OARequestParameter.m */; };
		C6647D7B14ED638E00422998 /* RegexKitLite.m in Sources */ = {isa = PBXBuildFile; fileRef = C6DB908E14E4E14C001DE9F5 /* RegexKitLite.m */; };
		C6647D7E14ED638E00422998 /* Weibo.m in Sources */ = {isa = PBXBuildFile; fileRef = C6DB909114E4EE29001DE9F5 /* Weibo.m */; };
		C6653D8E1556715800350990 /* WeiboFavoritesStream.m in Sources */ = {isa = PBXBuildFile; fileRef = C6653D8A15566B0600350990 /* WeiboFavoritesStream.m */; };
		C6653D91155686A000350990 /* WeiboFavoriteStatus.h in Headers */ = {isa = PBXBuildFile; fileRef = C6653D8F1556869D00350990 /* WeiboFavoriteStatus.h */; };
		C6653D93155686A000350990 /* WeiboFavoriteStatus.m in Sources */ = {isa = PBXBuildFile; fileRef = C6653D901556869E00350990 /* WeiboFavoriteStatus.m */; };
		C67ED9AD1501B0E80059AF71 /* WeiboComment.h in Headers */ = {isa = PBXBuildFile; fileRef = C67ED9AB1501B0E80059AF71 /* WeiboComment.h */; };
		C67ED9AF1501B0E80059AF71 /* WeiboComment.m in Sources */ = {isa = PBXBuildFile; fileRef = C67ED9AC1501B0E80059AF71 /* WeiboComment.m */; };
		C68009E514FE788400FA3175 /* WeiboUnread.m in Sources */ = {isa = PBXBuildFile; fileRef = C6DC65D714FDE5D000B70E45 /* WeiboUnread.m */; };
		C68009EA14FE788400FA3175 /* NSArray+WeiboAdditions.m in Sources */ = {isa = PBXBuildFile; fileRef = C63A182214F0CF51000F3E72 /* NSArray+WeiboAdditions.m */; };
		C682BAC117C3C0B500B3149F /* WeiboStatusAccountMentionFilter.h in Headers */ = {isa = PBXBuildFile; fileRef = C682BABF17C3C0B500B3149F /* WeiboStatusAccountMentionFilter.h */; };
		C682BAC217C3C0B500B3149F /* WeiboStatusAccountMentionFilter.m in Sources */ = {isa = PBXBuildFile; fileRef = C682BAC017C3C0B500B3149F /* WeiboStatusAccountMentionFilter.m */; };
		C6872C9A17B63F7B00AA38BF /* WeiboAppInfo.h in Headers */ = {isa = PBXBuildFile; fileRef = C6872C9917B63F7B00AA38BF /* WeiboAppInfo.h */; };
		C6880781174E048000FD69F4 /* WeiboComposition.h in Headers */ = {isa = PBXBuildFile; fileRef = C6880780174E048000FD69F4 /* WeiboComposition.h */; };
		C68B2F6F17ACD0B7005CC80C /* WeiboStatusFilter.h in Headers */ = {isa = PBXBuildFile; fileRef = C68B2F6D17ACD0B7005CC80C /* WeiboStatusFilter.h */; };
		C68B2F7017ACD0B7005CC80C /* WeiboStatusFilter.m in Sources */ = {isa = PBXBuildFile; fileRef = C68B2F6E17ACD0B7005CC80C /* WeiboStatusFilter.m */; };
		C68B2F7417ACD1FA005CC80C /* WeiboStatusKeywordFilter.h in Headers */ = {isa = PBXBuildFile; fileRef = C68B2F7217ACD1FA005CC80C /* WeiboStatusKeywordFilter.h */; };
		C68B2F7517ACD1FA005CC80C /* WeiboStatusKeywordFilter.m in Sources */ = {isa = PBXBuildFile; fileRef = C68B2F7317ACD1FA005CC80C /* WeiboStatusKeywordFilter.m */; };
		C68B2F7817ACD222005CC80C /* WeiboStatusUserFilter.h in Headers */ = {isa = PBXBuildFile; fileRef = C68B2F7617ACD222005CC80C /* WeiboStatusUserFilter.h */; };
		C68B2F7917ACD222005CC80C /* WeiboStatusUserFilter.m in Sources */ = {isa = PBXBuildFile; fileRef = C68B2F7717ACD222005CC80C /* WeiboStatusUserFilter.m */; };
		C68B2F7C17ACD23A005CC80C /* WeiboStatusUserHighlighter.h in Headers */ = {isa = PBXBuildFile; fileRef = C68B2F7A17ACD23A005CC80C /* WeiboStatusUserHighlighter.h */; };
		C68B2F7D17ACD23A005CC80C /* WeiboStatusUserHighlighter.m in Sources */ = {isa = PBXBuildFile; fileRef = C68B2F7B17ACD23A005CC80C /* WeiboStatusUserHighlighter.m */; };
		C68B2F8017ACD257005CC80C /* WeiboStatusSourceFilter.h in Headers */ = {isa = PBXBuildFile; fileRef = C68B2F7E17ACD257005CC80C /* WeiboStatusSourceFilter.h */; };
		C68B2F8117ACD257005CC80C /* WeiboStatusSourceFilter.m in Sources */ = {isa = PBXBuildFile; fileRef = C68B2F7F17ACD257005CC80C /* WeiboStatusSourceFilter.m */; };
		C68B2F8417AD222C005CC80C /* WeiboAccount+Filters.h in Headers */ = {isa = PBXBuildFile; fileRef = C68B2F8217AD222C005CC80C /* WeiboAccount+Filters.h */; };
		C68B2F8517AD222C005CC80C /* WeiboAccount+Filters.m in Sources */ = {isa = PBXBuildFile; fileRef = C68B2F8317AD222C005CC80C /* WeiboAccount+Filters.m */; };
		C6B4DC1514ED347C0032A8CF /* Cocoa.framework in Frameworks */ = {isa = PBXBuildFile; fileRef = C6FC9E4614E3C3F400094A8F /* Cocoa.framework */; };
		C6B8C51D1514D75D00935AC5 /* FMDatabase.m in Sources */ = {isa = PBXBuildFile; fileRef = C6011AFE15147B2500A0A49C /* FMDatabase.m */; };
		C6B8C51E1514D75D00935AC5 /* FMDatabaseAdditions.m in Sources */ = {isa = PBXBuildFile; fileRef = C6011B0015147B2500A0A49C /* FMDatabaseAdditions.m */; };
		C6B8C51F1514D75D00935AC5 /* FMDatabasePool.m in Sources */ = {isa = PBXBuildFile; fileRef = C6011B0215147B2500A0A49C /* FMDatabasePool.m */; };
		C6B8C5201514D75D00935AC5 /* FMDatabaseQueue.m in Sources */ = {isa = PBXBuildFile; fileRef = C6011B0415147B2500A0A49C /* FMDatabaseQueue.m */; };
		C6B8C5221514D75D00935AC5 /* FMResultSet.m in Sources */ = {isa = PBXBuildFile; fileRef = C6011B0715147B2500A0A49C /* FMResultSet.m */; };
		C6B8C52D1514DC1D00935AC5 /* WTAutoCompleteResultItem.h in Headers */ = {isa = PBXBuildFile; fileRef = C6B8C52B1514DC1D00935AC5 /* WTAutoCompleteResultItem.h */; };
		C6B8C5321514DC7200935AC5 /* WeiboAutocompleteResultItem.h in Headers */ = {isa = PBXBuildFile; fileRef = C6B8C5301514DC7200935AC5 /* WeiboAutocompleteResultItem.h */; };
		C6B8C5341514DC7200935AC5 /* WeiboAutocompleteResultItem.m in Sources */ = {isa = PBXBuildFile; fileRef = C6B8C5311514DC7200935AC5 /* WeiboAutocompleteResultItem.m */; };
		C6CDEC7F1661A0330013C1EA /* WeiboLayoutCache.m in Sources */ = {isa = PBXBuildFile; fileRef = C6CDEC7C16619EC40013C1EA /* WeiboLayoutCache.m */; };
		C6DC00DF150DC4C500E95B58 /* WeiboRepliesStream.m in Sources */ = {isa = PBXBuildFile; fileRef = C6DC00DA150DADC700E95B58 /* WeiboRepliesStream.m */; };
		C6DE37D814EF85BB004DAFE9 /* ABActiveRange.m in Sources */ = {isa = PBXBuildFile; fileRef = C6DE37D614EF85B6004DAFE9 /* ABActiveRange.m */; };
		C6DE37D914EF85BB004DAFE9 /* ABActiveRange.h in Headers */ = {isa = PBXBuildFile; fileRef = C6DE37D714EF85B9004DAFE9 /* ABActiveRange.h */; };
		C6E0BC2415E8A222007BAA20 /* JSONKit.h in Headers */ = {isa = PBXBuildFile; fileRef = C6E0BC2215E8A222007BAA20 /* JSONKit.h */; };
		C6E0BC2515E8A222007BAA20 /* JSONKit.m in Sources */ = {isa = PBXBuildFile; fileRef = C6E0BC2315E8A222007BAA20 /* JSONKit.m */; };
		C6EC374E1745EE570085E6ED /* WeiboAPI+Private.h in Headers */ = {isa = PBXBuildFile; fileRef = C6EC374C1745EE570085E6ED /* WeiboAPI+Private.h */; };
		C6EC37501745EE570085E6ED /* WeiboAPI+Private.m in Sources */ = {isa = PBXBuildFile; fileRef = C6EC374D1745EE570085E6ED /* WeiboAPI+Private.m */; };
		C6EC37531745EF9C0085E6ED /* WeiboAPI+UserMethods.h in Headers */ = {isa = PBXBuildFile; fileRef = C6EC37511745EF9C0085E6ED /* WeiboAPI+UserMethods.h */; };
		C6EC37551745EF9C0085E6ED /* WeiboAPI+UserMethods.m in Sources */ = {isa = PBXBuildFile; fileRef = C6EC37521745EF9C0085E6ED /* WeiboAPI+UserMethods.m */; };
		C6EC37581745F13B0085E6ED /* WeiboAPI+StatusMethods.h in Headers */ = {isa = PBXBuildFile; fileRef = C6EC37561745F13A0085E6ED /* WeiboAPI+StatusMethods.h */; };
		C6EC375A1745F13B0085E6ED /* WeiboAPI+StatusMethods.m in Sources */ = {isa = PBXBuildFile; fileRef = C6EC37571745F13A0085E6ED /* WeiboAPI+StatusMethods.m */; };
		C6EC375D1745F26D0085E6ED /* WeiboAPI+DirectMessages.h in Headers */ = {isa = PBXBuildFile; fileRef = C6EC375B1745F26C0085E6ED /* WeiboAPI+DirectMessages.h */; };
		C6EC375F1745F26D0085E6ED /* WeiboAPI+DirectMessages.m in Sources */ = {isa = PBXBuildFile; fileRef = C6EC375C1745F26D0085E6ED /* WeiboAPI+DirectMessages.m */; };
		C6EC37621745F2BA0085E6ED /* WeiboAPI+UnreadCount.h in Headers */ = {isa = PBXBuildFile; fileRef = C6EC37601745F2BA0085E6ED /* WeiboAPI+UnreadCount.h */; };
		C6EC37641745F2BA0085E6ED /* WeiboAPI+UnreadCount.m in Sources */ = {isa = PBXBuildFile; fileRef = C6EC37611745F2BA0085E6ED /* WeiboAPI+UnreadCount.m */; };
		C6EC37671745F33C0085E6ED /* WeiboAPI+AccountMethods.h in Headers */ = {isa = PBXBuildFile; fileRef = C6EC37651745F33B0085E6ED /* WeiboAPI+AccountMethods.h */; };
		C6EC37691745F33C0085E6ED /* WeiboAPI+AccountMethods.m in Sources */ = {isa = PBXBuildFile; fileRef = C6EC37661745F33C0085E6ED /* WeiboAPI+AccountMethods.m */; };
		C6ED9CAE17D4D83A008AA2A3 /* WeiboDirectMessage.h in Headers */ = {isa = PBXBuildFile; fileRef = C6ED9CAC17D4D83A008AA2A3 /* WeiboDirectMessage.h */; };
		C6ED9CAF17D4D83A008AA2A3 /* WeiboDirectMessage.m in Sources */ = {isa = PBXBuildFile; fileRef = C6ED9CAD17D4D83A008AA2A3 /* WeiboDirectMessage.m */; };
		C6ED9D0F17D62B46008AA2A3 /* WeiboDirectMessageConversation.h in Headers */ = {isa = PBXBuildFile; fileRef = C6ED9D0D17D62B46008AA2A3 /* WeiboDirectMessageConversation.h */; };
		C6ED9D1017D62B46008AA2A3 /* WeiboDirectMessageConversation.m in Sources */ = {isa = PBXBuildFile; fileRef = C6ED9D0E17D62B46008AA2A3 /* WeiboDirectMessageConversation.m */; };
		C6ED9D1717D630D3008AA2A3 /* WeiboDirectMessagesConversationManager.h in Headers */ = {isa = PBXBuildFile; fileRef = C6ED9D1517D630D3008AA2A3 /* WeiboDirectMessagesConversationManager.h */; };
		C6ED9D1817D630D3008AA2A3 /* WeiboDirectMessagesConversationManager.m in Sources */ = {isa = PBXBuildFile; fileRef = C6ED9D1617D630D3008AA2A3 /* WeiboDirectMessagesConversationManager.m */; };
		C6FBECBE14F5D73200430A81 /* WeiboUserStream.m in Sources */ = {isa = PBXBuildFile; fileRef = C641275314F1EBF000D47925 /* WeiboUserStream.m */; };
		C6FBECBF14F5D73200430A81 /* WeiboUserTimelineStream.m in Sources */ = {isa = PBXBuildFile; fileRef = C641275614F1EC2700D47925 /* WeiboUserTimelineStream.m */; };
		C6FBECC014F5D73200430A81 /* WeiboStream.m in Sources */ = {isa = PBXBuildFile; fileRef = C6CB06EA14F091D200DF5249 /* WeiboStream.m */; };
		C6FBECC114F5D73200430A81 /* WeiboConcreteStatusesStream.m in Sources */ = {isa = PBXBuildFile; fileRef = C6CB06F314F0A79F00DF5249 /* WeiboConcreteStatusesStream.m */; };
		C6FBECC214F5D73200430A81 /* WeiboAccountStream.m in Sources */ = {isa = PBXBuildFile; fileRef = C63A182614F0D778000F3E72 /* WeiboAccountStream.m */; };
		C6FBECC314F5D73200430A81 /* WeiboTimelineStream.m in Sources */ = {isa = PBXBuildFile; fileRef = C641274F14F1EBA300D47925 /* WeiboTimelineStream.m */; };
		C6FBECC414F5D73200430A81 /* WeiboMentionsStream.m in Sources */ = {isa = PBXBuildFile; fileRef = C6FE675E14F4EC62009EE772 /* WeiboMentionsStream.m */; };
		C6FBECC514F5D73200430A81 /* WeiboCommentsTimelineStream.m in Sources */ = {isa = PBXBuildFile; fileRef = C6FE676214F4EE1D009EE772 /* WeiboCommentsTimelineStream.m */; };
/* End PBXBuildFile section */

/* Begin PBXFileReference section */
		C6011AF9151475D500A0A49C /* README.md */ = {isa = PBXFileReference; fileEncoding = 4; lastKnownFileType = text; path = README.md; sourceTree = "<group>"; };
		C6011AFD15147B2500A0A49C /* FMDatabase.h */ = {isa = PBXFileReference; fileEncoding = 4; lastKnownFileType = sourcecode.c.h; path = FMDatabase.h; sourceTree = "<group>"; };
		C6011AFE15147B2500A0A49C /* FMDatabase.m */ = {isa = PBXFileReference; fileEncoding = 4; lastKnownFileType = sourcecode.c.objc; path = FMDatabase.m; sourceTree = "<group>"; };
		C6011AFF15147B2500A0A49C /* FMDatabaseAdditions.h */ = {isa = PBXFileReference; fileEncoding = 4; lastKnownFileType = sourcecode.c.h; path = FMDatabaseAdditions.h; sourceTree = "<group>"; };
		C6011B0015147B2500A0A49C /* FMDatabaseAdditions.m */ = {isa = PBXFileReference; fileEncoding = 4; lastKnownFileType = sourcecode.c.objc; path = FMDatabaseAdditions.m; sourceTree = "<group>"; };
		C6011B0115147B2500A0A49C /* FMDatabasePool.h */ = {isa = PBXFileReference; fileEncoding = 4; lastKnownFileType = sourcecode.c.h; path = FMDatabasePool.h; sourceTree = "<group>"; };
		C6011B0215147B2500A0A49C /* FMDatabasePool.m */ = {isa = PBXFileReference; fileEncoding = 4; lastKnownFileType = sourcecode.c.objc; path = FMDatabasePool.m; sourceTree = "<group>"; };
		C6011B0315147B2500A0A49C /* FMDatabaseQueue.h */ = {isa = PBXFileReference; fileEncoding = 4; lastKnownFileType = sourcecode.c.h; path = FMDatabaseQueue.h; sourceTree = "<group>"; };
		C6011B0415147B2500A0A49C /* FMDatabaseQueue.m */ = {isa = PBXFileReference; fileEncoding = 4; lastKnownFileType = sourcecode.c.objc; path = FMDatabaseQueue.m; sourceTree = "<group>"; };
		C6011B0615147B2500A0A49C /* FMResultSet.h */ = {isa = PBXFileReference; fileEncoding = 4; lastKnownFileType = sourcecode.c.h; path = FMResultSet.h; sourceTree = "<group>"; };
		C6011B0715147B2500A0A49C /* FMResultSet.m */ = {isa = PBXFileReference; fileEncoding = 4; lastKnownFileType = sourcecode.c.objc; path = FMResultSet.m; sourceTree = "<group>"; };
		C6011B13151484BE00A0A49C /* LocalAutocompleteDB.h */ = {isa = PBXFileReference; fileEncoding = 4; lastKnownFileType = sourcecode.c.h; name = LocalAutocompleteDB.h; path = WeiboSDK/Support/LocalAutocompleteDB.h; sourceTree = "<group>"; };
		C6011B14151484BE00A0A49C /* LocalAutocompleteDB.m */ = {isa = PBXFileReference; fileEncoding = 4; lastKnownFileType = sourcecode.c.objc; name = LocalAutocompleteDB.m; path = WeiboSDK/Support/LocalAutocompleteDB.m; sourceTree = "<group>"; };
		C6053FE814F380F1003A581D /* SSKeychain.h */ = {isa = PBXFileReference; fileEncoding = 4; lastKnownFileType = sourcecode.c.h; path = SSKeychain.h; sourceTree = "<group>"; };
		C6053FE914F380F1003A581D /* SSKeychain.m */ = {isa = PBXFileReference; fileEncoding = 4; lastKnownFileType = sourcecode.c.objc; path = SSKeychain.m; sourceTree = "<group>"; };
		C6084B3D17D1DD1E00A667F2 /* WeiboAccount+Superpower.h */ = {isa = PBXFileReference; fileEncoding = 4; lastKnownFileType = sourcecode.c.h; name = "WeiboAccount+Superpower.h"; path = "WeiboSDK/Model/WeiboAccount+Superpower.h"; sourceTree = "<group>"; };
		C6084B3E17D1DD1E00A667F2 /* WeiboAccount+Superpower.m */ = {isa = PBXFileReference; fileEncoding = 4; lastKnownFileType = sourcecode.c.objc; name = "WeiboAccount+Superpower.m"; path = "WeiboSDK/Model/WeiboAccount+Superpower.m"; sourceTree = "<group>"; };
		C6084B4117D1E13D00A667F2 /* WeiboAPI+SuperpowerAuth.h */ = {isa = PBXFileReference; fileEncoding = 4; lastKnownFileType = sourcecode.c.h; path = "WeiboAPI+SuperpowerAuth.h"; sourceTree = "<group>"; };
		C6084B4217D1E13D00A667F2 /* WeiboAPI+SuperpowerAuth.m */ = {isa = PBXFileReference; fileEncoding = 4; lastKnownFileType = sourcecode.c.objc; path = "WeiboAPI+SuperpowerAuth.m"; sourceTree = "<group>"; };
		C6084B4917D2056500A667F2 /* WeiboSuperpowerAPI.h */ = {isa = PBXFileReference; fileEncoding = 4; lastKnownFileType = sourcecode.c.h; name = WeiboSuperpowerAPI.h; path = WeiboSDK/WeiboSuperpowerAPI.h; sourceTree = "<group>"; };
		C6084B4A17D2056500A667F2 /* WeiboSuperpowerAPI.m */ = {isa = PBXFileReference; fileEncoding = 4; lastKnownFileType = sourcecode.c.objc; name = WeiboSuperpowerAPI.m; path = WeiboSDK/WeiboSuperpowerAPI.m; sourceTree = "<group>"; };
		C6094FA3155764F10038C7D2 /* WeiboStatusStreamFilter.h */ = {isa = PBXFileReference; fileEncoding = 4; lastKnownFileType = sourcecode.c.h; name = WeiboStatusStreamFilter.h; path = WeiboSDK/Utilities/WeiboStatusStreamFilter.h; sourceTree = "<group>"; };
		C6094FA4155764F10038C7D2 /* WeiboStatusStreamFilter.m */ = {isa = PBXFileReference; fileEncoding = 4; lastKnownFileType = sourcecode.c.objc; name = WeiboStatusStreamFilter.m; path = WeiboSDK/Utilities/WeiboStatusStreamFilter.m; sourceTree = "<group>"; };
		C6094FAA155766500038C7D2 /* WeiboStatusStreamFilterSimpleSearchFilter.h */ = {isa = PBXFileReference; fileEncoding = 4; lastKnownFileType = sourcecode.c.h; name = WeiboStatusStreamFilterSimpleSearchFilter.h; path = WeiboSDK/Utilities/WeiboStatusStreamFilterSimpleSearchFilter.h; sourceTree = "<group>"; };
		C6094FAB155766500038C7D2 /* WeiboStatusStreamFilterSimpleSearchFilter.m */ = {isa = PBXFileReference; fileEncoding = 4; lastKnownFileType = sourcecode.c.objc; name = WeiboStatusStreamFilterSimpleSearchFilter.m; path = WeiboSDK/Utilities/WeiboStatusStreamFilterSimpleSearchFilter.m; sourceTree = "<group>"; };
		C6094FAF1557E95A0038C7D2 /* WeiboTrendStatusesStream.h */ = {isa = PBXFileReference; fileEncoding = 4; lastKnownFileType = sourcecode.c.h; name = WeiboTrendStatusesStream.h; path = WeiboSDK/Model/Stream/WeiboTrendStatusesStream.h; sourceTree = "<group>"; };
		C6094FB01557E95A0038C7D2 /* WeiboTrendStatusesStream.m */ = {isa = PBXFileReference; fileEncoding = 4; lastKnownFileType = sourcecode.c.objc; name = WeiboTrendStatusesStream.m; path = WeiboSDK/Model/Stream/WeiboTrendStatusesStream.m; sourceTree = "<group>"; };
		C60B51211745D6A200E99C07 /* WeiboUserList.h */ = {isa = PBXFileReference; fileEncoding = 4; lastKnownFileType = sourcecode.c.h; path = WeiboUserList.h; sourceTree = "<group>"; };
		C60B51221745D6A200E99C07 /* WeiboUserList.m */ = {isa = PBXFileReference; fileEncoding = 4; lastKnownFileType = sourcecode.c.objc; path = WeiboUserList.m; sourceTree = "<group>"; };
		C60B51261745D72D00E99C07 /* WeiboUserUserList.h */ = {isa = PBXFileReference; fileEncoding = 4; lastKnownFileType = sourcecode.c.h; path = WeiboUserUserList.h; sourceTree = "<group>"; };
		C60B51271745D72E00E99C07 /* WeiboUserUserList.m */ = {isa = PBXFileReference; fileEncoding = 4; lastKnownFileType = sourcecode.c.objc; path = WeiboUserUserList.m; sourceTree = "<group>"; };
		C60B512B1745DB7D00E99C07 /* WeiboUserRelationshipUserList.h */ = {isa = PBXFileReference; fileEncoding = 4; lastKnownFileType = sourcecode.c.h; path = WeiboUserRelationshipUserList.h; sourceTree = "<group>"; };
		C60B512C1745DB7E00E99C07 /* WeiboUserRelationshipUserList.m */ = {isa = PBXFileReference; fileEncoding = 4; lastKnownFileType = sourcecode.c.objc; path = WeiboUserRelationshipUserList.m; sourceTree = "<group>"; };
		C60B51301745DBAE00E99C07 /* WeiboUserFollowersList.h */ = {isa = PBXFileReference; fileEncoding = 4; lastKnownFileType = sourcecode.c.h; path = WeiboUserFollowersList.h; sourceTree = "<group>"; };
		C60B51311745DBAF00E99C07 /* WeiboUserFollowersList.m */ = {isa = PBXFileReference; fileEncoding = 4; lastKnownFileType = sourcecode.c.objc; path = WeiboUserFollowersList.m; sourceTree = "<group>"; };
		C60B51351745DBC600E99C07 /* WeiboUserFollowingList.h */ = {isa = PBXFileReference; fileEncoding = 4; lastKnownFileType = sourcecode.c.h; path = WeiboUserFollowingList.h; sourceTree = "<group>"; };
		C60B51361745DBC800E99C07 /* WeiboUserFollowingList.m */ = {isa = PBXFileReference; fileEncoding = 4; lastKnownFileType = sourcecode.c.objc; path = WeiboUserFollowingList.m; sourceTree = "<group>"; };
		C617C90414EB56C600CC75F5 /* WeiboConstants.h */ = {isa = PBXFileReference; fileEncoding = 4; lastKnownFileType = sourcecode.c.h; name = WeiboConstants.h; path = WeiboSDK/WeiboConstants.h; sourceTree = "<group>"; };
		C617C91914EBAB1D00CC75F5 /* WeiboGeotag.h */ = {isa = PBXFileReference; fileEncoding = 4; lastKnownFileType = sourcecode.c.h; name = WeiboGeotag.h; path = WeiboSDK/Model/WeiboGeotag.h; sourceTree = "<group>"; };
		C617C91A14EBAB1E00CC75F5 /* WeiboGeotag.m */ = {isa = PBXFileReference; fileEncoding = 4; lastKnownFileType = sourcecode.c.objc; name = WeiboGeotag.m; path = WeiboSDK/Model/WeiboGeotag.m; sourceTree = "<group>"; };
		C617C92114EBDF7600CC75F5 /* NSDictionary+WeiboAdditions.h */ = {isa = PBXFileReference; fileEncoding = 4; lastKnownFileType = sourcecode.c.h; name = "NSDictionary+WeiboAdditions.h"; path = "WeiboSDK/Utilities/Additions/NSDictionary+WeiboAdditions.h"; sourceTree = "<group>"; };
		C617C92214EBDF7600CC75F5 /* NSDictionary+WeiboAdditions.m */ = {isa = PBXFileReference; fileEncoding = 4; lastKnownFileType = sourcecode.c.objc; name = "NSDictionary+WeiboAdditions.m"; path = "WeiboSDK/Utilities/Additions/NSDictionary+WeiboAdditions.m"; sourceTree = "<group>"; };
		C61E986515A9921100C42FE5 /* WeiboEmotion.h */ = {isa = PBXFileReference; fileEncoding = 4; lastKnownFileType = sourcecode.c.h; path = WeiboEmotion.h; sourceTree = "<group>"; };
		C61E986615A9921100C42FE5 /* WeiboEmotion.m */ = {isa = PBXFileReference; fileEncoding = 4; lastKnownFileType = sourcecode.c.objc; path = WeiboEmotion.m; sourceTree = "<group>"; };
		C620027617A407DD00283648 /* WeiboList.h */ = {isa = PBXFileReference; fileEncoding = 4; lastKnownFileType = sourcecode.c.h; name = WeiboList.h; path = WeiboSDK/Model/WeiboList.h; sourceTree = "<group>"; };
		C620027717A407DD00283648 /* WeiboList.m */ = {isa = PBXFileReference; fileEncoding = 4; lastKnownFileType = sourcecode.c.objc; name = WeiboList.m; path = WeiboSDK/Model/WeiboList.m; sourceTree = "<group>"; };
		C620027A17A4116E00283648 /* WeiboListStream.h */ = {isa = PBXFileReference; fileEncoding = 4; lastKnownFileType = sourcecode.c.h; name = WeiboListStream.h; path = WeiboSDK/Model/Stream/WeiboListStream.h; sourceTree = "<group>"; };
		C620027B17A4116E00283648 /* WeiboListStream.m */ = {isa = PBXFileReference; fileEncoding = 4; lastKnownFileType = sourcecode.c.objc; name = WeiboListStream.m; path = WeiboSDK/Model/Stream/WeiboListStream.m; sourceTree = "<group>"; };
		C620027E17A42BB800283648 /* WeiboAccount+Lists.h */ = {isa = PBXFileReference; fileEncoding = 4; lastKnownFileType = sourcecode.c.h; name = "WeiboAccount+Lists.h"; path = "WeiboSDK/Model/WeiboAccount+Lists.h"; sourceTree = "<group>"; };
		C620027F17A42BB800283648 /* WeiboAccount+Lists.m */ = {isa = PBXFileReference; fileEncoding = 4; lastKnownFileType = sourcecode.c.objc; name = "WeiboAccount+Lists.m"; path = "WeiboSDK/Model/WeiboAccount+Lists.m"; sourceTree = "<group>"; };
		C630CC6B152ABDED00A5AF7A /* WTFileManager.h */ = {isa = PBXFileReference; fileEncoding = 4; lastKnownFileType = sourcecode.c.h; name = WTFileManager.h; path = WeiboSDK/Support/WTFileManager.h; sourceTree = "<group>"; };
		C630CC6C152ABDED00A5AF7A /* WTFileManager.m */ = {isa = PBXFileReference; fileEncoding = 4; lastKnownFileType = sourcecode.c.objc; name = WTFileManager.m; path = WeiboSDK/Support/WTFileManager.m; sourceTree = "<group>"; };
		C63891481758403E0005069A /* WeiboPicture.h */ = {isa = PBXFileReference; fileEncoding = 4; lastKnownFileType = sourcecode.c.h; path = WeiboPicture.h; sourceTree = "<group>"; };
		C63891491758403F0005069A /* WeiboPicture.m */ = {isa = PBXFileReference; fileEncoding = 4; lastKnownFileType = sourcecode.c.objc; path = WeiboPicture.m; sourceTree = "<group>"; };
		C63A182114F0CF51000F3E72 /* NSArray+WeiboAdditions.h */ = {isa = PBXFileReference; fileEncoding = 4; lastKnownFileType = sourcecode.c.h; name = "NSArray+WeiboAdditions.h"; path = "WeiboSDK/Utilities/Additions/NSArray+WeiboAdditions.h"; sourceTree = "<group>"; };
		C63A182214F0CF51000F3E72 /* NSArray+WeiboAdditions.m */ = {isa = PBXFileReference; fileEncoding = 4; lastKnownFileType = sourcecode.c.objc; name = "NSArray+WeiboAdditions.m"; path = "WeiboSDK/Utilities/Additions/NSArray+WeiboAdditions.m"; sourceTree = "<group>"; };
		C63A182514F0D777000F3E72 /* WeiboAccountStream.h */ = {isa = PBXFileReference; fileEncoding = 4; lastKnownFileType = sourcecode.c.h; name = WeiboAccountStream.h; path = WeiboSDK/Model/Stream/WeiboAccountStream.h; sourceTree = "<group>"; };
		C63A182614F0D778000F3E72 /* WeiboAccountStream.m */ = {isa = PBXFileReference; fileEncoding = 4; lastKnownFileType = sourcecode.c.objc; name = WeiboAccountStream.m; path = WeiboSDK/Model/Stream/WeiboAccountStream.m; sourceTree = "<group>"; };
		C641274E14F1EBA300D47925 /* WeiboTimelineStream.h */ = {isa = PBXFileReference; fileEncoding = 4; lastKnownFileType = sourcecode.c.h; name = WeiboTimelineStream.h; path = WeiboSDK/Model/Stream/WeiboTimelineStream.h; sourceTree = "<group>"; };
		C641274F14F1EBA300D47925 /* WeiboTimelineStream.m */ = {isa = PBXFileReference; fileEncoding = 4; lastKnownFileType = sourcecode.c.objc; name = WeiboTimelineStream.m; path = WeiboSDK/Model/Stream/WeiboTimelineStream.m; sourceTree = "<group>"; };
		C641275214F1EBF000D47925 /* WeiboUserStream.h */ = {isa = PBXFileReference; fileEncoding = 4; lastKnownFileType = sourcecode.c.h; name = WeiboUserStream.h; path = WeiboSDK/Model/Stream/WeiboUserStream.h; sourceTree = "<group>"; };
		C641275314F1EBF000D47925 /* WeiboUserStream.m */ = {isa = PBXFileReference; fileEncoding = 4; lastKnownFileType = sourcecode.c.objc; name = WeiboUserStream.m; path = WeiboSDK/Model/Stream/WeiboUserStream.m; sourceTree = "<group>"; };
		C641275514F1EC2700D47925 /* WeiboUserTimelineStream.h */ = {isa = PBXFileReference; fileEncoding = 4; lastKnownFileType = sourcecode.c.h; name = WeiboUserTimelineStream.h; path = WeiboSDK/Model/Stream/WeiboUserTimelineStream.h; sourceTree = "<group>"; };
		C641275614F1EC2700D47925 /* WeiboUserTimelineStream.m */ = {isa = PBXFileReference; fileEncoding = 4; lastKnownFileType = sourcecode.c.objc; name = WeiboUserTimelineStream.m; path = WeiboSDK/Model/Stream/WeiboUserTimelineStream.m; sourceTree = "<group>"; };
		C643871517D7769F0097FB72 /* WeiboDirectMessageStream.h */ = {isa = PBXFileReference; fileEncoding = 4; lastKnownFileType = sourcecode.c.h; path = WeiboDirectMessageStream.h; sourceTree = "<group>"; };
		C643871617D7769F0097FB72 /* WeiboDirectMessageStream.m */ = {isa = PBXFileReference; fileEncoding = 4; lastKnownFileType = sourcecode.c.objc; path = WeiboDirectMessageStream.m; sourceTree = "<group>"; };
		C643871917D77BD00097FB72 /* WeiboSentDirectMessageStream.h */ = {isa = PBXFileReference; fileEncoding = 4; lastKnownFileType = sourcecode.c.h; path = WeiboSentDirectMessageStream.h; sourceTree = "<group>"; };
		C643871A17D77BD00097FB72 /* WeiboSentDirectMessageStream.m */ = {isa = PBXFileReference; fileEncoding = 4; lastKnownFileType = sourcecode.c.objc; path = WeiboSentDirectMessageStream.m; sourceTree = "<group>"; };
		C643871D17D77BF20097FB72 /* WeiboReceivedDirectMessageStream.h */ = {isa = PBXFileReference; fileEncoding = 4; lastKnownFileType = sourcecode.c.h; path = WeiboReceivedDirectMessageStream.h; sourceTree = "<group>"; };
		C643871E17D77BF20097FB72 /* WeiboReceivedDirectMessageStream.m */ = {isa = PBXFileReference; fileEncoding = 4; lastKnownFileType = sourcecode.c.objc; path = WeiboReceivedDirectMessageStream.m; sourceTree = "<group>"; };
		C6634FE214EF34FC0097E15B /* CoreLocation.framework */ = {isa = PBXFileReference; lastKnownFileType = wrapper.framework; name = CoreLocation.framework; path = System/Library/Frameworks/CoreLocation.framework; sourceTree = SDKROOT; };
		C6634FE514EF35050097E15B /* SystemConfiguration.framework */ = {isa = PBXFileReference; lastKnownFileType = wrapper.framework; name = SystemConfiguration.framework; path = System/Library/Frameworks/SystemConfiguration.framework; sourceTree = SDKROOT; };
		C6634FE714EF350B0097E15B /* Security.framework */ = {isa = PBXFileReference; lastKnownFileType = wrapper.framework; name = Security.framework; path = System/Library/Frameworks/Security.framework; sourceTree = SDKROOT; };
		C6634FE914EF35240097E15B /* libz.1.dylib */ = {isa = PBXFileReference; lastKnownFileType = "compiled.mach-o.dylib"; name = libz.1.dylib; path = usr/lib/libz.1.dylib; sourceTree = SDKROOT; };
		C6634FEB14EF352C0097E15B /* libz.dylib */ = {isa = PBXFileReference; lastKnownFileType = "compiled.mach-o.dylib"; name = libz.dylib; path = usr/lib/libz.dylib; sourceTree = SDKROOT; };
		C6653D8915566B0600350990 /* WeiboFavoritesStream.h */ = {isa = PBXFileReference; fileEncoding = 4; lastKnownFileType = sourcecode.c.h; name = WeiboFavoritesStream.h; path = WeiboSDK/Model/Stream/WeiboFavoritesStream.h; sourceTree = "<group>"; };
		C6653D8A15566B0600350990 /* WeiboFavoritesStream.m */ = {isa = PBXFileReference; fileEncoding = 4; lastKnownFileType = sourcecode.c.objc; name = WeiboFavoritesStream.m; path = WeiboSDK/Model/Stream/WeiboFavoritesStream.m; sourceTree = "<group>"; };
		C6653D8F1556869D00350990 /* WeiboFavoriteStatus.h */ = {isa = PBXFileReference; fileEncoding = 4; lastKnownFileType = sourcecode.c.h; name = WeiboFavoriteStatus.h; path = WeiboSDK/Model/Stream/WeiboFavoriteStatus.h; sourceTree = "<group>"; };
		C6653D901556869E00350990 /* WeiboFavoriteStatus.m */ = {isa = PBXFileReference; fileEncoding = 4; lastKnownFileType = sourcecode.c.objc; name = WeiboFavoriteStatus.m; path = WeiboSDK/Model/Stream/WeiboFavoriteStatus.m; sourceTree = "<group>"; };
		C67ED9AB1501B0E80059AF71 /* WeiboComment.h */ = {isa = PBXFileReference; fileEncoding = 4; lastKnownFileType = sourcecode.c.h; name = WeiboComment.h; path = WeiboSDK/Model/WeiboComment.h; sourceTree = "<group>"; };
		C67ED9AC1501B0E80059AF71 /* WeiboComment.m */ = {isa = PBXFileReference; fileEncoding = 4; lastKnownFileType = sourcecode.c.objc; name = WeiboComment.m; path = WeiboSDK/Model/WeiboComment.m; sourceTree = "<group>"; };
		C682BABF17C3C0B500B3149F /* WeiboStatusAccountMentionFilter.h */ = {isa = PBXFileReference; fileEncoding = 4; lastKnownFileType = sourcecode.c.h; path = WeiboStatusAccountMentionFilter.h; sourceTree = "<group>"; };
		C682BAC017C3C0B500B3149F /* WeiboStatusAccountMentionFilter.m */ = {isa = PBXFileReference; fileEncoding = 4; lastKnownFileType = sourcecode.c.objc; path = WeiboStatusAccountMentionFilter.m; sourceTree = "<group>"; };
		C6872C9917B63F7B00AA38BF /* WeiboAppInfo.h */ = {isa = PBXFileReference; fileEncoding = 4; lastKnownFileType = sourcecode.c.h; path = WeiboAppInfo.h; sourceTree = "<group>"; };
		C6880780174E048000FD69F4 /* WeiboComposition.h */ = {isa = PBXFileReference; fileEncoding = 4; lastKnownFileType = sourcecode.c.h; path = WeiboComposition.h; sourceTree = "<group>"; };
		C68B2F6D17ACD0B7005CC80C /* WeiboStatusFilter.h */ = {isa = PBXFileReference; fileEncoding = 4; lastKnownFileType = sourcecode.c.h; name = WeiboStatusFilter.h; path = WeiboSDK/Model/WeiboStatusFilter.h; sourceTree = "<group>"; };
		C68B2F6E17ACD0B7005CC80C /* WeiboStatusFilter.m */ = {isa = PBXFileReference; fileEncoding = 4; lastKnownFileType = sourcecode.c.objc; name = WeiboStatusFilter.m; path = WeiboSDK/Model/WeiboStatusFilter.m; sourceTree = "<group>"; };
		C68B2F7217ACD1FA005CC80C /* WeiboStatusKeywordFilter.h */ = {isa = PBXFileReference; fileEncoding = 4; lastKnownFileType = sourcecode.c.h; name = WeiboStatusKeywordFilter.h; path = WeiboSDK/Model/WeiboStatusKeywordFilter.h; sourceTree = "<group>"; };
		C68B2F7317ACD1FA005CC80C /* WeiboStatusKeywordFilter.m */ = {isa = PBXFileReference; fileEncoding = 4; lastKnownFileType = sourcecode.c.objc; name = WeiboStatusKeywordFilter.m; path = WeiboSDK/Model/WeiboStatusKeywordFilter.m; sourceTree = "<group>"; };
		C68B2F7617ACD222005CC80C /* WeiboStatusUserFilter.h */ = {isa = PBXFileReference; fileEncoding = 4; lastKnownFileType = sourcecode.c.h; name = WeiboStatusUserFilter.h; path = WeiboSDK/Model/WeiboStatusUserFilter.h; sourceTree = "<group>"; };
		C68B2F7717ACD222005CC80C /* WeiboStatusUserFilter.m */ = {isa = PBXFileReference; fileEncoding = 4; lastKnownFileType = sourcecode.c.objc; name = WeiboStatusUserFilter.m; path = WeiboSDK/Model/WeiboStatusUserFilter.m; sourceTree = "<group>"; };
		C68B2F7A17ACD23A005CC80C /* WeiboStatusUserHighlighter.h */ = {isa = PBXFileReference; fileEncoding = 4; lastKnownFileType = sourcecode.c.h; name = WeiboStatusUserHighlighter.h; path = WeiboSDK/Model/WeiboStatusUserHighlighter.h; sourceTree = "<group>"; };
		C68B2F7B17ACD23A005CC80C /* WeiboStatusUserHighlighter.m */ = {isa = PBXFileReference; fileEncoding = 4; lastKnownFileType = sourcecode.c.objc; name = WeiboStatusUserHighlighter.m; path = WeiboSDK/Model/WeiboStatusUserHighlighter.m; sourceTree = "<group>"; };
		C68B2F7E17ACD257005CC80C /* WeiboStatusSourceFilter.h */ = {isa = PBXFileReference; fileEncoding = 4; lastKnownFileType = sourcecode.c.h; name = WeiboStatusSourceFilter.h; path = WeiboSDK/Model/WeiboStatusSourceFilter.h; sourceTree = "<group>"; };
		C68B2F7F17ACD257005CC80C /* WeiboStatusSourceFilter.m */ = {isa = PBXFileReference; fileEncoding = 4; lastKnownFileType = sourcecode.c.objc; name = WeiboStatusSourceFilter.m; path = WeiboSDK/Model/WeiboStatusSourceFilter.m; sourceTree = "<group>"; };
		C68B2F8217AD222C005CC80C /* WeiboAccount+Filters.h */ = {isa = PBXFileReference; fileEncoding = 4; lastKnownFileType = sourcecode.c.h; name = "WeiboAccount+Filters.h"; path = "WeiboSDK/Model/WeiboAccount+Filters.h"; sourceTree = "<group>"; };
		C68B2F8317AD222C005CC80C /* WeiboAccount+Filters.m */ = {isa = PBXFileReference; fileEncoding = 4; lastKnownFileType = sourcecode.c.objc; name = "WeiboAccount+Filters.m"; path = "WeiboSDK/Model/WeiboAccount+Filters.m"; sourceTree = "<group>"; };
		C6B4DC1414ED347C0032A8CF /* libWeiboSDK.a */ = {isa = PBXFileReference; explicitFileType = archive.ar; includeInIndex = 0; path = libWeiboSDK.a; sourceTree = BUILT_PRODUCTS_DIR; };
		C6B4DC1814ED347C0032A8CF /* WeiboSDK-Prefix.pch */ = {isa = PBXFileReference; lastKnownFileType = sourcecode.c.h; path = "WeiboSDK-Prefix.pch"; sourceTree = "<group>"; };
		C6B8C52B1514DC1D00935AC5 /* WTAutoCompleteResultItem.h */ = {isa = PBXFileReference; fileEncoding = 4; lastKnownFileType = sourcecode.c.h; name = WTAutoCompleteResultItem.h; path = WeiboSDK/Model/Autocomplete/WTAutoCompleteResultItem.h; sourceTree = "<group>"; };
		C6B8C5301514DC7200935AC5 /* WeiboAutocompleteResultItem.h */ = {isa = PBXFileReference; fileEncoding = 4; lastKnownFileType = sourcecode.c.h; name = WeiboAutocompleteResultItem.h; path = WeiboSDK/Model/Autocomplete/WeiboAutocompleteResultItem.h; sourceTree = "<group>"; };
		C6B8C5311514DC7200935AC5 /* WeiboAutocompleteResultItem.m */ = {isa = PBXFileReference; fileEncoding = 4; lastKnownFileType = sourcecode.c.objc; name = WeiboAutocompleteResultItem.m; path = WeiboSDK/Model/Autocomplete/WeiboAutocompleteResultItem.m; sourceTree = "<group>"; };
		C6CB06E914F091D200DF5249 /* WeiboStream.h */ = {isa = PBXFileReference; fileEncoding = 4; lastKnownFileType = sourcecode.c.h; name = WeiboStream.h; path = WeiboSDK/Model/Stream/WeiboStream.h; sourceTree = "<group>"; };
		C6CB06EA14F091D200DF5249 /* WeiboStream.m */ = {isa = PBXFileReference; fileEncoding = 4; lastKnownFileType = sourcecode.c.objc; name = WeiboStream.m; path = WeiboSDK/Model/Stream/WeiboStream.m; sourceTree = "<group>"; };
		C6CB06F214F0A79F00DF5249 /* WeiboConcreteStatusesStream.h */ = {isa = PBXFileReference; fileEncoding = 4; lastKnownFileType = sourcecode.c.h; name = WeiboConcreteStatusesStream.h; path = WeiboSDK/Model/Stream/WeiboConcreteStatusesStream.h; sourceTree = "<group>"; };
		C6CB06F314F0A79F00DF5249 /* WeiboConcreteStatusesStream.m */ = {isa = PBXFileReference; fileEncoding = 4; lastKnownFileType = sourcecode.c.objc; name = WeiboConcreteStatusesStream.m; path = WeiboSDK/Model/Stream/WeiboConcreteStatusesStream.m; sourceTree = "<group>"; };
		C6CDEC7B16619EC40013C1EA /* WeiboLayoutCache.h */ = {isa = PBXFileReference; fileEncoding = 4; lastKnownFileType = sourcecode.c.h; name = WeiboLayoutCache.h; path = WeiboSDK/Model/WeiboLayoutCache.h; sourceTree = "<group>"; };
		C6CDEC7C16619EC40013C1EA /* WeiboLayoutCache.m */ = {isa = PBXFileReference; fileEncoding = 4; lastKnownFileType = sourcecode.c.objc; name = WeiboLayoutCache.m; path = WeiboSDK/Model/WeiboLayoutCache.m; sourceTree = "<group>"; };
		C6CED17214E6661A0033CA45 /* OAuthConsumer.h */ = {isa = PBXFileReference; fileEncoding = 4; lastKnownFileType = sourcecode.c.h; path = OAuthConsumer.h; sourceTree = "<group>"; };
		C6CED17314E6661A0033CA45 /* OAToken.h */ = {isa = PBXFileReference; fileEncoding = 4; lastKnownFileType = sourcecode.c.h; path = OAToken.h; sourceTree = "<group>"; };
		C6CED17414E6661A0033CA45 /* OAToken.m */ = {isa = PBXFileReference; fileEncoding = 4; lastKnownFileType = sourcecode.c.objc; path = OAToken.m; sourceTree = "<group>"; };
		C6CED17514E6661A0033CA45 /* OAConsumer.h */ = {isa = PBXFileReference; fileEncoding = 4; lastKnownFileType = sourcecode.c.h; path = OAConsumer.h; sourceTree = "<group>"; };
		C6CED17614E6661A0033CA45 /* OAConsumer.m */ = {isa = PBXFileReference; fileEncoding = 4; lastKnownFileType = sourcecode.c.objc; path = OAConsumer.m; sourceTree = "<group>"; };
		C6CED17914E6661A0033CA45 /* OAHMAC_SHA1SignatureProvider.h */ = {isa = PBXFileReference; fileEncoding = 4; lastKnownFileType = sourcecode.c.h; path = OAHMAC_SHA1SignatureProvider.h; sourceTree = "<group>"; };
		C6CED17A14E6661A0033CA45 /* OAHMAC_SHA1SignatureProvider.m */ = {isa = PBXFileReference; fileEncoding = 4; lastKnownFileType = sourcecode.c.objc; path = OAHMAC_SHA1SignatureProvider.m; sourceTree = "<group>"; };
		C6CED17B14E6661A0033CA45 /* OAPlaintextSignatureProvider.h */ = {isa = PBXFileReference; fileEncoding = 4; lastKnownFileType = sourcecode.c.h; path = OAPlaintextSignatureProvider.h; sourceTree = "<group>"; };
		C6CED17C14E6661A0033CA45 /* OAPlaintextSignatureProvider.m */ = {isa = PBXFileReference; fileEncoding = 4; lastKnownFileType = sourcecode.c.objc; path = OAPlaintextSignatureProvider.m; sourceTree = "<group>"; };
		C6CED17D14E6661A0033CA45 /* OARequestParameter.h */ = {isa = PBXFileReference; fileEncoding = 4; lastKnownFileType = sourcecode.c.h; path = OARequestParameter.h; sourceTree = "<group>"; };
		C6CED17E14E6661A0033CA45 /* OARequestParameter.m */ = {isa = PBXFileReference; fileEncoding = 4; lastKnownFileType = sourcecode.c.objc; path = OARequestParameter.m; sourceTree = "<group>"; };
		C6CED19114E666230033CA45 /* OASignatureProviding.h */ = {isa = PBXFileReference; fileEncoding = 4; lastKnownFileType = sourcecode.c.h; path = OASignatureProviding.h; sourceTree = "<group>"; };
		C6CED19214E6662B0033CA45 /* NSString+URLEncoding.h */ = {isa = PBXFileReference; fileEncoding = 4; lastKnownFileType = sourcecode.c.h; path = "NSString+URLEncoding.h"; sourceTree = "<group>"; };
		C6CED19314E6662B0033CA45 /* NSString+URLEncoding.m */ = {isa = PBXFileReference; fileEncoding = 4; lastKnownFileType = sourcecode.c.objc; path = "NSString+URLEncoding.m"; sourceTree = "<group>"; };
		C6CED19614E6662B0033CA45 /* NSURL+Base.h */ = {isa = PBXFileReference; fileEncoding = 4; lastKnownFileType = sourcecode.c.h; path = "NSURL+Base.h"; sourceTree = "<group>"; };
		C6CED19714E6662B0033CA45 /* NSURL+Base.m */ = {isa = PBXFileReference; fileEncoding = 4; lastKnownFileType = sourcecode.c.objc; path = "NSURL+Base.m"; sourceTree = "<group>"; };
		C6CED19C14E666650033CA45 /* Base64Transcoder.c */ = {isa = PBXFileReference; fileEncoding = 4; lastKnownFileType = sourcecode.c.c; path = Base64Transcoder.c; sourceTree = "<group>"; };
		C6CED19D14E666650033CA45 /* Base64Transcoder.h */ = {isa = PBXFileReference; fileEncoding = 4; lastKnownFileType = sourcecode.c.h; path = Base64Transcoder.h; sourceTree = "<group>"; };
		C6CED1A114E686180033CA45 /* WTOASingnaturer.h */ = {isa = PBXFileReference; fileEncoding = 4; lastKnownFileType = sourcecode.c.h; name = WTOASingnaturer.h; path = OAuthConsumer/WTOASingnaturer.h; sourceTree = "<group>"; };
		C6CED1A214E686180033CA45 /* WTOASingnaturer.m */ = {isa = PBXFileReference; fileEncoding = 4; lastKnownFileType = sourcecode.c.objc; name = WTOASingnaturer.m; path = OAuthConsumer/WTOASingnaturer.m; sourceTree = "<group>"; };
		C6D8F80714E95545008E4CA1 /* WTFoundationUtilities.h */ = {isa = PBXFileReference; fileEncoding = 4; lastKnownFileType = sourcecode.c.h; name = WTFoundationUtilities.h; path = WeiboSDK/Utilities/WTFoundationUtilities.h; sourceTree = "<group>"; };
		C6DB908114E4C0F0001DE9F5 /* WTKeychain.h */ = {isa = PBXFileReference; fileEncoding = 4; lastKnownFileType = sourcecode.c.h; name = WTKeychain.h; path = WeiboSDK/WTKeychain.h; sourceTree = SOURCE_ROOT; };
		C6DB908214E4C0F0001DE9F5 /* WTKeychain.m */ = {isa = PBXFileReference; fileEncoding = 4; lastKnownFileType = sourcecode.c.objc; name = WTKeychain.m; path = WeiboSDK/WTKeychain.m; sourceTree = SOURCE_ROOT; };
		C6DB908A14E4E11E001DE9F5 /* libicucore.dylib */ = {isa = PBXFileReference; lastKnownFileType = "compiled.mach-o.dylib"; name = libicucore.dylib; path = usr/lib/libicucore.dylib; sourceTree = SDKROOT; };
		C6DB908D14E4E14C001DE9F5 /* RegexKitLite.h */ = {isa = PBXFileReference; fileEncoding = 4; lastKnownFileType = sourcecode.c.h; path = RegexKitLite.h; sourceTree = "<group>"; };
		C6DB908E14E4E14C001DE9F5 /* RegexKitLite.m */ = {isa = PBXFileReference; fileEncoding = 4; lastKnownFileType = sourcecode.c.objc; path = RegexKitLite.m; sourceTree = "<group>"; };
		C6DB909014E4EE29001DE9F5 /* Weibo.h */ = {isa = PBXFileReference; fileEncoding = 4; lastKnownFileType = sourcecode.c.h; name = Weibo.h; path = WeiboSDK/Weibo.h; sourceTree = "<group>"; };
		C6DB909114E4EE29001DE9F5 /* Weibo.m */ = {isa = PBXFileReference; fileEncoding = 4; lastKnownFileType = sourcecode.c.objc; name = Weibo.m; path = WeiboSDK/Weibo.m; sourceTree = "<group>"; };
		C6DB909314E4EE3B001DE9F5 /* WeiboAPI.h */ = {isa = PBXFileReference; fileEncoding = 4; lastKnownFileType = sourcecode.c.h; name = WeiboAPI.h; path = WeiboSDK/WeiboAPI.h; sourceTree = "<group>"; };
		C6DB909414E4EE3B001DE9F5 /* WeiboAPI.m */ = {isa = PBXFileReference; fileEncoding = 4; lastKnownFileType = sourcecode.c.objc; name = WeiboAPI.m; path = WeiboSDK/WeiboAPI.m; sourceTree = "<group>"; };
		C6DB909714E4EEC8001DE9F5 /* WeiboAccount.h */ = {isa = PBXFileReference; fileEncoding = 4; lastKnownFileType = sourcecode.c.h; name = WeiboAccount.h; path = WeiboSDK/Model/WeiboAccount.h; sourceTree = "<group>"; };
		C6DB909814E4EEC8001DE9F5 /* WeiboAccount.m */ = {isa = PBXFileReference; fileEncoding = 4; lastKnownFileType = sourcecode.c.objc; name = WeiboAccount.m; path = WeiboSDK/Model/WeiboAccount.m; sourceTree = "<group>"; };
		C6DB90A014E50A8E001DE9F5 /* WeiboUser.h */ = {isa = PBXFileReference; fileEncoding = 4; lastKnownFileType = sourcecode.c.h; name = WeiboUser.h; path = WeiboSDK/Model/WeiboUser.h; sourceTree = "<group>"; };
		C6DB90A114E50A8E001DE9F5 /* WeiboUser.m */ = {isa = PBXFileReference; fileEncoding = 4; lastKnownFileType = sourcecode.c.objc; name = WeiboUser.m; path = WeiboSDK/Model/WeiboUser.m; sourceTree = "<group>"; };
		C6DB90C514E51127001DE9F5 /* WeiboConfiguration.h */ = {isa = PBXFileReference; fileEncoding = 4; lastKnownFileType = sourcecode.c.h; name = WeiboConfiguration.h; path = WeiboSDK/Model/WeiboConfiguration.h; sourceTree = "<group>"; };
		C6DB90C614E51127001DE9F5 /* WeiboConfiguration.m */ = {isa = PBXFileReference; fileEncoding = 4; lastKnownFileType = sourcecode.c.objc; name = WeiboConfiguration.m; path = WeiboSDK/Model/WeiboConfiguration.m; sourceTree = "<group>"; };
		C6DC00D9150DADC700E95B58 /* WeiboRepliesStream.h */ = {isa = PBXFileReference; fileEncoding = 4; lastKnownFileType = sourcecode.c.h; name = WeiboRepliesStream.h; path = WeiboSDK/Model/Stream/WeiboRepliesStream.h; sourceTree = "<group>"; };
		C6DC00DA150DADC700E95B58 /* WeiboRepliesStream.m */ = {isa = PBXFileReference; fileEncoding = 4; lastKnownFileType = sourcecode.c.objc; name = WeiboRepliesStream.m; path = WeiboSDK/Model/Stream/WeiboRepliesStream.m; sourceTree = "<group>"; };
		C6DC65D614FDE5D000B70E45 /* WeiboUnread.h */ = {isa = PBXFileReference; fileEncoding = 4; lastKnownFileType = sourcecode.c.h; name = WeiboUnread.h; path = WeiboSDK/Model/WeiboUnread.h; sourceTree = "<group>"; };
		C6DC65D714FDE5D000B70E45 /* WeiboUnread.m */ = {isa = PBXFileReference; fileEncoding = 4; lastKnownFileType = sourcecode.c.objc; name = WeiboUnread.m; path = WeiboSDK/Model/WeiboUnread.m; sourceTree = "<group>"; };
		C6DE37CB14EF75AC004DAFE9 /* WeiboBaseStatus.h */ = {isa = PBXFileReference; fileEncoding = 4; lastKnownFileType = sourcecode.c.h; name = WeiboBaseStatus.h; path = WeiboSDK/Model/WeiboBaseStatus.h; sourceTree = "<group>"; };
		C6DE37CC14EF75AC004DAFE9 /* WeiboBaseStatus.m */ = {isa = PBXFileReference; fileEncoding = 4; lastKnownFileType = sourcecode.c.objc; name = WeiboBaseStatus.m; path = WeiboSDK/Model/WeiboBaseStatus.m; sourceTree = "<group>"; };
		C6DE37CE14EF7922004DAFE9 /* WTActiveTextRanges.h */ = {isa = PBXFileReference; fileEncoding = 4; lastKnownFileType = sourcecode.c.h; name = WTActiveTextRanges.h; path = WeiboSDK/Model/WTActiveTextRanges.h; sourceTree = "<group>"; };
		C6DE37CF14EF7922004DAFE9 /* WTActiveTextRanges.m */ = {isa = PBXFileReference; fileEncoding = 4; lastKnownFileType = sourcecode.c.objc; name = WTActiveTextRanges.m; path = WeiboSDK/Model/WTActiveTextRanges.m; sourceTree = "<group>"; };
		C6DE37D614EF85B6004DAFE9 /* ABActiveRange.m */ = {isa = PBXFileReference; fileEncoding = 4; lastKnownFileType = sourcecode.c.objc; path = ABActiveRange.m; sourceTree = "<group>"; };
		C6DE37D714EF85B9004DAFE9 /* ABActiveRange.h */ = {isa = PBXFileReference; fileEncoding = 4; lastKnownFileType = sourcecode.c.h; path = ABActiveRange.h; sourceTree = "<group>"; };
		C6E0BC2215E8A222007BAA20 /* JSONKit.h */ = {isa = PBXFileReference; fileEncoding = 4; lastKnownFileType = sourcecode.c.h; path = JSONKit.h; sourceTree = "<group>"; };
		C6E0BC2315E8A222007BAA20 /* JSONKit.m */ = {isa = PBXFileReference; fileEncoding = 4; lastKnownFileType = sourcecode.c.objc; path = JSONKit.m; sourceTree = "<group>"; };
		C6E1CD5914E5FB2E000137B9 /* WTHTTPRequest.h */ = {isa = PBXFileReference; fileEncoding = 4; lastKnownFileType = sourcecode.c.h; name = WTHTTPRequest.h; path = WeiboSDK/Network/WTHTTPRequest.h; sourceTree = "<group>"; };
		C6E1CD5A14E5FB2E000137B9 /* WTHTTPRequest.m */ = {isa = PBXFileReference; fileEncoding = 4; lastKnownFileType = sourcecode.c.objc; name = WTHTTPRequest.m; path = WeiboSDK/Network/WTHTTPRequest.m; sourceTree = "<group>"; };
		C6E2D05F14E6BF02000D3507 /* ASICacheDelegate.h */ = {isa = PBXFileReference; fileEncoding = 4; lastKnownFileType = sourcecode.c.h; path = ASICacheDelegate.h; sourceTree = "<group>"; };
		C6E2D06014E6BF02000D3507 /* ASIDataCompressor.h */ = {isa = PBXFileReference; fileEncoding = 4; lastKnownFileType = sourcecode.c.h; path = ASIDataCompressor.h; sourceTree = "<group>"; };
		C6E2D06114E6BF02000D3507 /* ASIDataCompressor.m */ = {isa = PBXFileReference; fileEncoding = 4; lastKnownFileType = sourcecode.c.objc; path = ASIDataCompressor.m; sourceTree = "<group>"; };
		C6E2D06214E6BF02000D3507 /* ASIDataDecompressor.h */ = {isa = PBXFileReference; fileEncoding = 4; lastKnownFileType = sourcecode.c.h; path = ASIDataDecompressor.h; sourceTree = "<group>"; };
		C6E2D06314E6BF02000D3507 /* ASIDataDecompressor.m */ = {isa = PBXFileReference; fileEncoding = 4; lastKnownFileType = sourcecode.c.objc; path = ASIDataDecompressor.m; sourceTree = "<group>"; };
		C6E2D06414E6BF02000D3507 /* ASIDownloadCache.h */ = {isa = PBXFileReference; fileEncoding = 4; lastKnownFileType = sourcecode.c.h; path = ASIDownloadCache.h; sourceTree = "<group>"; };
		C6E2D06514E6BF02000D3507 /* ASIDownloadCache.m */ = {isa = PBXFileReference; fileEncoding = 4; lastKnownFileType = sourcecode.c.objc; path = ASIDownloadCache.m; sourceTree = "<group>"; };
		C6E2D06614E6BF02000D3507 /* ASIFormDataRequest.h */ = {isa = PBXFileReference; fileEncoding = 4; lastKnownFileType = sourcecode.c.h; path = ASIFormDataRequest.h; sourceTree = "<group>"; };
		C6E2D06714E6BF02000D3507 /* ASIFormDataRequest.m */ = {isa = PBXFileReference; fileEncoding = 4; lastKnownFileType = sourcecode.c.objc; path = ASIFormDataRequest.m; sourceTree = "<group>"; };
		C6E2D06814E6BF02000D3507 /* ASIHTTPRequest.h */ = {isa = PBXFileReference; fileEncoding = 4; lastKnownFileType = sourcecode.c.h; path = ASIHTTPRequest.h; sourceTree = "<group>"; };
		C6E2D06914E6BF02000D3507 /* ASIHTTPRequest.m */ = {isa = PBXFileReference; fileEncoding = 4; lastKnownFileType = sourcecode.c.objc; path = ASIHTTPRequest.m; sourceTree = "<group>"; };
		C6E2D06A14E6BF02000D3507 /* ASIHTTPRequestConfig.h */ = {isa = PBXFileReference; fileEncoding = 4; lastKnownFileType = sourcecode.c.h; path = ASIHTTPRequestConfig.h; sourceTree = "<group>"; };
		C6E2D06B14E6BF02000D3507 /* ASIHTTPRequestDelegate.h */ = {isa = PBXFileReference; fileEncoding = 4; lastKnownFileType = sourcecode.c.h; path = ASIHTTPRequestDelegate.h; sourceTree = "<group>"; };
		C6E2D06C14E6BF02000D3507 /* ASIInputStream.h */ = {isa = PBXFileReference; fileEncoding = 4; lastKnownFileType = sourcecode.c.h; path = ASIInputStream.h; sourceTree = "<group>"; };
		C6E2D06D14E6BF02000D3507 /* ASIInputStream.m */ = {isa = PBXFileReference; fileEncoding = 4; lastKnownFileType = sourcecode.c.objc; path = ASIInputStream.m; sourceTree = "<group>"; };
		C6E2D06E14E6BF02000D3507 /* ASINetworkQueue.h */ = {isa = PBXFileReference; fileEncoding = 4; lastKnownFileType = sourcecode.c.h; path = ASINetworkQueue.h; sourceTree = "<group>"; };
		C6E2D06F14E6BF02000D3507 /* ASINetworkQueue.m */ = {isa = PBXFileReference; fileEncoding = 4; lastKnownFileType = sourcecode.c.objc; path = ASINetworkQueue.m; sourceTree = "<group>"; };
		C6E2D07014E6BF02000D3507 /* ASIProgressDelegate.h */ = {isa = PBXFileReference; fileEncoding = 4; lastKnownFileType = sourcecode.c.h; path = ASIProgressDelegate.h; sourceTree = "<group>"; };
		C6E2D08D14E7A136000D3507 /* WeiboStatus.h */ = {isa = PBXFileReference; fileEncoding = 4; lastKnownFileType = sourcecode.c.h; name = WeiboStatus.h; path = WeiboSDK/Model/WeiboStatus.h; sourceTree = "<group>"; };
		C6E2D08E14E7A136000D3507 /* WeiboStatus.m */ = {isa = PBXFileReference; fileEncoding = 4; lastKnownFileType = sourcecode.c.objc; name = WeiboStatus.m; path = WeiboSDK/Model/WeiboStatus.m; sourceTree = "<group>"; };
		C6EC374C1745EE570085E6ED /* WeiboAPI+Private.h */ = {isa = PBXFileReference; fileEncoding = 4; lastKnownFileType = sourcecode.c.h; path = "WeiboAPI+Private.h"; sourceTree = "<group>"; };
		C6EC374D1745EE570085E6ED /* WeiboAPI+Private.m */ = {isa = PBXFileReference; fileEncoding = 4; lastKnownFileType = sourcecode.c.objc; path = "WeiboAPI+Private.m"; sourceTree = "<group>"; };
		C6EC37511745EF9C0085E6ED /* WeiboAPI+UserMethods.h */ = {isa = PBXFileReference; fileEncoding = 4; lastKnownFileType = sourcecode.c.h; path = "WeiboAPI+UserMethods.h"; sourceTree = "<group>"; };
		C6EC37521745EF9C0085E6ED /* WeiboAPI+UserMethods.m */ = {isa = PBXFileReference; fileEncoding = 4; lastKnownFileType = sourcecode.c.objc; path = "WeiboAPI+UserMethods.m"; sourceTree = "<group>"; };
		C6EC37561745F13A0085E6ED /* WeiboAPI+StatusMethods.h */ = {isa = PBXFileReference; fileEncoding = 4; lastKnownFileType = sourcecode.c.h; path = "WeiboAPI+StatusMethods.h"; sourceTree = "<group>"; };
		C6EC37571745F13A0085E6ED /* WeiboAPI+StatusMethods.m */ = {isa = PBXFileReference; fileEncoding = 4; lastKnownFileType = sourcecode.c.objc; path = "WeiboAPI+StatusMethods.m"; sourceTree = "<group>"; };
		C6EC375B1745F26C0085E6ED /* WeiboAPI+DirectMessages.h */ = {isa = PBXFileReference; fileEncoding = 4; lastKnownFileType = sourcecode.c.h; path = "WeiboAPI+DirectMessages.h"; sourceTree = "<group>"; };
		C6EC375C1745F26D0085E6ED /* WeiboAPI+DirectMessages.m */ = {isa = PBXFileReference; fileEncoding = 4; lastKnownFileType = sourcecode.c.objc; path = "WeiboAPI+DirectMessages.m"; sourceTree = "<group>"; };
		C6EC37601745F2BA0085E6ED /* WeiboAPI+UnreadCount.h */ = {isa = PBXFileReference; fileEncoding = 4; lastKnownFileType = sourcecode.c.h; path = "WeiboAPI+UnreadCount.h"; sourceTree = "<group>"; };
		C6EC37611745F2BA0085E6ED /* WeiboAPI+UnreadCount.m */ = {isa = PBXFileReference; fileEncoding = 4; lastKnownFileType = sourcecode.c.objc; path = "WeiboAPI+UnreadCount.m"; sourceTree = "<group>"; };
		C6EC37651745F33B0085E6ED /* WeiboAPI+AccountMethods.h */ = {isa = PBXFileReference; fileEncoding = 4; lastKnownFileType = sourcecode.c.h; path = "WeiboAPI+AccountMethods.h"; sourceTree = "<group>"; };
		C6EC37661745F33C0085E6ED /* WeiboAPI+AccountMethods.m */ = {isa = PBXFileReference; fileEncoding = 4; lastKnownFileType = sourcecode.c.objc; path = "WeiboAPI+AccountMethods.m"; sourceTree = "<group>"; };
		C6ED9CAC17D4D83A008AA2A3 /* WeiboDirectMessage.h */ = {isa = PBXFileReference; fileEncoding = 4; lastKnownFileType = sourcecode.c.h; path = WeiboDirectMessage.h; sourceTree = "<group>"; };
		C6ED9CAD17D4D83A008AA2A3 /* WeiboDirectMessage.m */ = {isa = PBXFileReference; fileEncoding = 4; lastKnownFileType = sourcecode.c.objc; path = WeiboDirectMessage.m; sourceTree = "<group>"; };
		C6ED9D0D17D62B46008AA2A3 /* WeiboDirectMessageConversation.h */ = {isa = PBXFileReference; fileEncoding = 4; lastKnownFileType = sourcecode.c.h; path = WeiboDirectMessageConversation.h; sourceTree = "<group>"; };
		C6ED9D0E17D62B46008AA2A3 /* WeiboDirectMessageConversation.m */ = {isa = PBXFileReference; fileEncoding = 4; lastKnownFileType = sourcecode.c.objc; path = WeiboDirectMessageConversation.m; sourceTree = "<group>"; };
		C6ED9D1517D630D3008AA2A3 /* WeiboDirectMessagesConversationManager.h */ = {isa = PBXFileReference; fileEncoding = 4; lastKnownFileType = sourcecode.c.h; path = WeiboDirectMessagesConversationManager.h; sourceTree = "<group>"; };
		C6ED9D1617D630D3008AA2A3 /* WeiboDirectMessagesConversationManager.m */ = {isa = PBXFileReference; fileEncoding = 4; lastKnownFileType = sourcecode.c.objc; path = WeiboDirectMessagesConversationManager.m; sourceTree = "<group>"; };
		C6F317B014E7CD2200A952FE /* WeiboRequestError.h */ = {isa = PBXFileReference; fileEncoding = 4; lastKnownFileType = sourcecode.c.h; name = WeiboRequestError.h; path = WeiboSDK/Model/WeiboRequestError.h; sourceTree = "<group>"; };
		C6F317B114E7CD2200A952FE /* WeiboRequestError.m */ = {isa = PBXFileReference; fileEncoding = 4; lastKnownFileType = sourcecode.c.objc; name = WeiboRequestError.m; path = WeiboSDK/Model/WeiboRequestError.m; sourceTree = "<group>"; };
		C6FC9E4614E3C3F400094A8F /* Cocoa.framework */ = {isa = PBXFileReference; lastKnownFileType = wrapper.framework; name = Cocoa.framework; path = System/Library/Frameworks/Cocoa.framework; sourceTree = SDKROOT; };
		C6FC9E4914E3C3F400094A8F /* AppKit.framework */ = {isa = PBXFileReference; lastKnownFileType = wrapper.framework; name = AppKit.framework; path = System/Library/Frameworks/AppKit.framework; sourceTree = SDKROOT; };
		C6FC9E4A14E3C3F400094A8F /* CoreData.framework */ = {isa = PBXFileReference; lastKnownFileType = wrapper.framework; name = CoreData.framework; path = System/Library/Frameworks/CoreData.framework; sourceTree = SDKROOT; };
		C6FC9E4B14E3C3F400094A8F /* Foundation.framework */ = {isa = PBXFileReference; lastKnownFileType = wrapper.framework; name = Foundation.framework; path = System/Library/Frameworks/Foundation.framework; sourceTree = SDKROOT; };
		C6FC9E6414E3C43D00094A8F /* WTCallback.h */ = {isa = PBXFileReference; fileEncoding = 4; lastKnownFileType = sourcecode.c.h; name = WTCallback.h; path = WeiboSDK/WTCallback.h; sourceTree = SOURCE_ROOT; };
		C6FC9E6514E3C43D00094A8F /* WTCallback.m */ = {isa = PBXFileReference; fileEncoding = 4; lastKnownFileType = sourcecode.c.objc; name = WTCallback.m; path = WeiboSDK/WTCallback.m; sourceTree = SOURCE_ROOT; };
		C6FE675D14F4EC62009EE772 /* WeiboMentionsStream.h */ = {isa = PBXFileReference; fileEncoding = 4; lastKnownFileType = sourcecode.c.h; name = WeiboMentionsStream.h; path = WeiboSDK/Model/Stream/WeiboMentionsStream.h; sourceTree = "<group>"; };
		C6FE675E14F4EC62009EE772 /* WeiboMentionsStream.m */ = {isa = PBXFileReference; fileEncoding = 4; lastKnownFileType = sourcecode.c.objc; name = WeiboMentionsStream.m; path = WeiboSDK/Model/Stream/WeiboMentionsStream.m; sourceTree = "<group>"; };
		C6FE676114F4EE1D009EE772 /* WeiboCommentsTimelineStream.h */ = {isa = PBXFileReference; fileEncoding = 4; lastKnownFileType = sourcecode.c.h; name = WeiboCommentsTimelineStream.h; path = WeiboSDK/Model/Stream/WeiboCommentsTimelineStream.h; sourceTree = "<group>"; };
		C6FE676214F4EE1D009EE772 /* WeiboCommentsTimelineStream.m */ = {isa = PBXFileReference; fileEncoding = 4; lastKnownFileType = sourcecode.c.objc; name = WeiboCommentsTimelineStream.m; path = WeiboSDK/Model/Stream/WeiboCommentsTimelineStream.m; sourceTree = "<group>"; };
/* End PBXFileReference section */

/* Begin PBXFrameworksBuildPhase section */
		C6B4DC1114ED347C0032A8CF /* Frameworks */ = {
			isa = PBXFrameworksBuildPhase;
			buildActionMask = 2147483647;
			files = (
				C6B4DC1514ED347C0032A8CF /* Cocoa.framework in Frameworks */,
			);
			runOnlyForDeploymentPostprocessing = 0;
		};
/* End PBXFrameworksBuildPhase section */

/* Begin PBXGroup section */
		C6011AFC15147B2500A0A49C /* fmdb */ = {
			isa = PBXGroup;
			children = (
				C6011AFD15147B2500A0A49C /* FMDatabase.h */,
				C6011AFE15147B2500A0A49C /* FMDatabase.m */,
				C6011AFF15147B2500A0A49C /* FMDatabaseAdditions.h */,
				C6011B0015147B2500A0A49C /* FMDatabaseAdditions.m */,
				C6011B0115147B2500A0A49C /* FMDatabasePool.h */,
				C6011B0215147B2500A0A49C /* FMDatabasePool.m */,
				C6011B0315147B2500A0A49C /* FMDatabaseQueue.h */,
				C6011B0415147B2500A0A49C /* FMDatabaseQueue.m */,
				C6011B0615147B2500A0A49C /* FMResultSet.h */,
				C6011B0715147B2500A0A49C /* FMResultSet.m */,
			);
			path = fmdb;
			sourceTree = "<group>";
		};
		C6053FE614F380F1003A581D /* SSKeyChain */ = {
			isa = PBXGroup;
			children = (
				C6053FE814F380F1003A581D /* SSKeychain.h */,
				C6053FE914F380F1003A581D /* SSKeychain.m */,
			);
			path = SSKeyChain;
			sourceTree = "<group>";
		};
		C60B51201745D30900E99C07 /* List */ = {
			isa = PBXGroup;
			children = (
				C60B51211745D6A200E99C07 /* WeiboUserList.h */,
				C60B51221745D6A200E99C07 /* WeiboUserList.m */,
				C60B51261745D72D00E99C07 /* WeiboUserUserList.h */,
				C60B51271745D72E00E99C07 /* WeiboUserUserList.m */,
				C60B512B1745DB7D00E99C07 /* WeiboUserRelationshipUserList.h */,
				C60B512C1745DB7E00E99C07 /* WeiboUserRelationshipUserList.m */,
				C60B51301745DBAE00E99C07 /* WeiboUserFollowersList.h */,
				C60B51311745DBAF00E99C07 /* WeiboUserFollowersList.m */,
				C60B51351745DBC600E99C07 /* WeiboUserFollowingList.h */,
				C60B51361745DBC800E99C07 /* WeiboUserFollowingList.m */,
			);
			path = List;
			sourceTree = "<group>";
		};
		C617C91214EBA90000CC75F5 /* JSONKit */ = {
			isa = PBXGroup;
			children = (
				C6E0BC2215E8A222007BAA20 /* JSONKit.h */,
				C6E0BC2315E8A222007BAA20 /* JSONKit.m */,
			);
			path = JSONKit;
			sourceTree = "<group>";
		};
		C617C92014EBDF4300CC75F5 /* Additions */ = {
			isa = PBXGroup;
			children = (
				C617C92114EBDF7600CC75F5 /* NSDictionary+WeiboAdditions.h */,
				C617C92214EBDF7600CC75F5 /* NSDictionary+WeiboAdditions.m */,
				C63A182114F0CF51000F3E72 /* NSArray+WeiboAdditions.h */,
				C63A182214F0CF51000F3E72 /* NSArray+WeiboAdditions.m */,
			);
			name = Additions;
			sourceTree = "<group>";
		};
		C641275814F1EC7900D47925 /* UserStream */ = {
			isa = PBXGroup;
			children = (
				C641275214F1EBF000D47925 /* WeiboUserStream.h */,
				C641275314F1EBF000D47925 /* WeiboUserStream.m */,
				C641275514F1EC2700D47925 /* WeiboUserTimelineStream.h */,
				C641275614F1EC2700D47925 /* WeiboUserTimelineStream.m */,
			);
			name = UserStream;
			sourceTree = "<group>";
		};
		C68B2F7117ACD1CA005CC80C /* Filter */ = {
			isa = PBXGroup;
			children = (
				C68B2F6D17ACD0B7005CC80C /* WeiboStatusFilter.h */,
				C68B2F6E17ACD0B7005CC80C /* WeiboStatusFilter.m */,
				C68B2F7217ACD1FA005CC80C /* WeiboStatusKeywordFilter.h */,
				C68B2F7317ACD1FA005CC80C /* WeiboStatusKeywordFilter.m */,
				C68B2F7617ACD222005CC80C /* WeiboStatusUserFilter.h */,
				C68B2F7717ACD222005CC80C /* WeiboStatusUserFilter.m */,
				C68B2F7A17ACD23A005CC80C /* WeiboStatusUserHighlighter.h */,
				C68B2F7B17ACD23A005CC80C /* WeiboStatusUserHighlighter.m */,
				C68B2F7E17ACD257005CC80C /* WeiboStatusSourceFilter.h */,
				C68B2F7F17ACD257005CC80C /* WeiboStatusSourceFilter.m */,
				C682BABF17C3C0B500B3149F /* WeiboStatusAccountMentionFilter.h */,
				C682BAC017C3C0B500B3149F /* WeiboStatusAccountMentionFilter.m */,
			);
			name = Filter;
			sourceTree = "<group>";
		};
		C6B4DC1714ED347C0032A8CF /* Supporting Files */ = {
			isa = PBXGroup;
			children = (
				C6B4DC1814ED347C0032A8CF /* WeiboSDK-Prefix.pch */,
			);
			name = "Supporting Files";
			path = WeiboSDK;
			sourceTree = "<group>";
		};
		C6B8C5271514DB0900935AC5 /* AutocompleteDB */ = {
			isa = PBXGroup;
			children = (
				C6011B13151484BE00A0A49C /* LocalAutocompleteDB.h */,
				C6011B14151484BE00A0A49C /* LocalAutocompleteDB.m */,
				C6B8C52B1514DC1D00935AC5 /* WTAutoCompleteResultItem.h */,
				C6B8C5301514DC7200935AC5 /* WeiboAutocompleteResultItem.h */,
				C6B8C5311514DC7200935AC5 /* WeiboAutocompleteResultItem.m */,
			);
			name = AutocompleteDB;
			sourceTree = "<group>";
		};
		C6CB06ED14F091D800DF5249 /* Stream */ = {
			isa = PBXGroup;
			children = (
				C641275814F1EC7900D47925 /* UserStream */,
				C6CB06E914F091D200DF5249 /* WeiboStream.h */,
				C6CB06EA14F091D200DF5249 /* WeiboStream.m */,
				C6CB06F214F0A79F00DF5249 /* WeiboConcreteStatusesStream.h */,
				C6CB06F314F0A79F00DF5249 /* WeiboConcreteStatusesStream.m */,
				C63A182514F0D777000F3E72 /* WeiboAccountStream.h */,
				C63A182614F0D778000F3E72 /* WeiboAccountStream.m */,
				C641274E14F1EBA300D47925 /* WeiboTimelineStream.h */,
				C641274F14F1EBA300D47925 /* WeiboTimelineStream.m */,
				C6FE675D14F4EC62009EE772 /* WeiboMentionsStream.h */,
				C6FE675E14F4EC62009EE772 /* WeiboMentionsStream.m */,
				C6653D8915566B0600350990 /* WeiboFavoritesStream.h */,
				C6653D8A15566B0600350990 /* WeiboFavoritesStream.m */,
				C6FE676114F4EE1D009EE772 /* WeiboCommentsTimelineStream.h */,
				C6FE676214F4EE1D009EE772 /* WeiboCommentsTimelineStream.m */,
				C6DC00D9150DADC700E95B58 /* WeiboRepliesStream.h */,
				C6DC00DA150DADC700E95B58 /* WeiboRepliesStream.m */,
				C6094FAF1557E95A0038C7D2 /* WeiboTrendStatusesStream.h */,
				C6094FB01557E95A0038C7D2 /* WeiboTrendStatusesStream.m */,
				C620027A17A4116E00283648 /* WeiboListStream.h */,
				C620027B17A4116E00283648 /* WeiboListStream.m */,
			);
			name = Stream;
			sourceTree = "<group>";
		};
		C6CED17014E665F60033CA45 /* OAuthConsumer */ = {
			isa = PBXGroup;
			children = (
				C6CED19B14E666650033CA45 /* Crypto */,
				C6CED19214E6662B0033CA45 /* NSString+URLEncoding.h */,
				C6CED19314E6662B0033CA45 /* NSString+URLEncoding.m */,
				C6CED19614E6662B0033CA45 /* NSURL+Base.h */,
				C6CED19714E6662B0033CA45 /* NSURL+Base.m */,
				C6CED19114E666230033CA45 /* OASignatureProviding.h */,
				C6CED17214E6661A0033CA45 /* OAuthConsumer.h */,
				C6CED17314E6661A0033CA45 /* OAToken.h */,
				C6CED17414E6661A0033CA45 /* OAToken.m */,
				C6CED17514E6661A0033CA45 /* OAConsumer.h */,
				C6CED17614E6661A0033CA45 /* OAConsumer.m */,
				C6CED17914E6661A0033CA45 /* OAHMAC_SHA1SignatureProvider.h */,
				C6CED17A14E6661A0033CA45 /* OAHMAC_SHA1SignatureProvider.m */,
				C6CED17B14E6661A0033CA45 /* OAPlaintextSignatureProvider.h */,
				C6CED17C14E6661A0033CA45 /* OAPlaintextSignatureProvider.m */,
				C6CED17D14E6661A0033CA45 /* OARequestParameter.h */,
				C6CED17E14E6661A0033CA45 /* OARequestParameter.m */,
			);
			path = OAuthConsumer;
			sourceTree = "<group>";
		};
		C6CED19B14E666650033CA45 /* Crypto */ = {
			isa = PBXGroup;
			children = (
				C6CED19C14E666650033CA45 /* Base64Transcoder.c */,
				C6CED19D14E666650033CA45 /* Base64Transcoder.h */,
			);
			path = Crypto;
			sourceTree = "<group>";
		};
		C6DB908C14E4E139001DE9F5 /* Utilities */ = {
			isa = PBXGroup;
			children = (
				C6011AFC15147B2500A0A49C /* fmdb */,
				C6053FE614F380F1003A581D /* SSKeyChain */,
				C617C92014EBDF4300CC75F5 /* Additions */,
				C6CED1A114E686180033CA45 /* WTOASingnaturer.h */,
				C6CED1A214E686180033CA45 /* WTOASingnaturer.m */,
				C617C91214EBA90000CC75F5 /* JSONKit */,
				C6CED17014E665F60033CA45 /* OAuthConsumer */,
				C6DB908D14E4E14C001DE9F5 /* RegexKitLite.h */,
				C6DB908E14E4E14C001DE9F5 /* RegexKitLite.m */,
				C6D8F80714E95545008E4CA1 /* WTFoundationUtilities.h */,
				C6094FA3155764F10038C7D2 /* WeiboStatusStreamFilter.h */,
				C6094FA4155764F10038C7D2 /* WeiboStatusStreamFilter.m */,
				C6094FAA155766500038C7D2 /* WeiboStatusStreamFilterSimpleSearchFilter.h */,
				C6094FAB155766500038C7D2 /* WeiboStatusStreamFilterSimpleSearchFilter.m */,
			);
			name = Utilities;
			sourceTree = "<group>";
		};
		C6DB909614E4EE7C001DE9F5 /* Model */ = {
			isa = PBXGroup;
			children = (
				C6ED9D0B17D62AF6008AA2A3 /* DirectMessages */,
				C6B8C5271514DB0900935AC5 /* AutocompleteDB */,
				C6DB909714E4EEC8001DE9F5 /* WeiboAccount.h */,
				C6DB909814E4EEC8001DE9F5 /* WeiboAccount.m */,
				C6084B3D17D1DD1E00A667F2 /* WeiboAccount+Superpower.h */,
				C6084B3E17D1DD1E00A667F2 /* WeiboAccount+Superpower.m */,
				C620027E17A42BB800283648 /* WeiboAccount+Lists.h */,
				C620027F17A42BB800283648 /* WeiboAccount+Lists.m */,
				C68B2F8217AD222C005CC80C /* WeiboAccount+Filters.h */,
				C68B2F8317AD222C005CC80C /* WeiboAccount+Filters.m */,
				C63891481758403E0005069A /* WeiboPicture.h */,
				C63891491758403F0005069A /* WeiboPicture.m */,
				C6DE37CB14EF75AC004DAFE9 /* WeiboBaseStatus.h */,
				C6DE37CC14EF75AC004DAFE9 /* WeiboBaseStatus.m */,
				C6CDEC7B16619EC40013C1EA /* WeiboLayoutCache.h */,
				C6CDEC7C16619EC40013C1EA /* WeiboLayoutCache.m */,
				C6E2D08D14E7A136000D3507 /* WeiboStatus.h */,
				C6E2D08E14E7A136000D3507 /* WeiboStatus.m */,
				C6653D8F1556869D00350990 /* WeiboFavoriteStatus.h */,
				C6653D901556869E00350990 /* WeiboFavoriteStatus.m */,
				C67ED9AB1501B0E80059AF71 /* WeiboComment.h */,
				C67ED9AC1501B0E80059AF71 /* WeiboComment.m */,
				C61E986515A9921100C42FE5 /* WeiboEmotion.h */,
				C61E986615A9921100C42FE5 /* WeiboEmotion.m */,
				C6DB90A014E50A8E001DE9F5 /* WeiboUser.h */,
				C6DB90A114E50A8E001DE9F5 /* WeiboUser.m */,
				C6DB90C514E51127001DE9F5 /* WeiboConfiguration.h */,
				C6DB90C614E51127001DE9F5 /* WeiboConfiguration.m */,
				C6880780174E048000FD69F4 /* WeiboComposition.h */,
				C617C91914EBAB1D00CC75F5 /* WeiboGeotag.h */,
				C617C91A14EBAB1E00CC75F5 /* WeiboGeotag.m */,
				C6DC65D614FDE5D000B70E45 /* WeiboUnread.h */,
				C6DC65D714FDE5D000B70E45 /* WeiboUnread.m */,
				C620027617A407DD00283648 /* WeiboList.h */,
				C620027717A407DD00283648 /* WeiboList.m */,
				C6DE37CE14EF7922004DAFE9 /* WTActiveTextRanges.h */,
				C6DE37CF14EF7922004DAFE9 /* WTActiveTextRanges.m */,
				C6DE37D714EF85B9004DAFE9 /* ABActiveRange.h */,
				C6DE37D614EF85B6004DAFE9 /* ABActiveRange.m */,
				C68B2F7117ACD1CA005CC80C /* Filter */,
				C60B51201745D30900E99C07 /* List */,
				C6CB06ED14F091D800DF5249 /* Stream */,
			);
			name = Model;
			sourceTree = "<group>";
		};
		C6DB909A14E4EF52001DE9F5 /* API */ = {
			isa = PBXGroup;
			children = (
				C6DB909314E4EE3B001DE9F5 /* WeiboAPI.h */,
				C6DB909414E4EE3B001DE9F5 /* WeiboAPI.m */,
				C6084B4917D2056500A667F2 /* WeiboSuperpowerAPI.h */,
				C6084B4A17D2056500A667F2 /* WeiboSuperpowerAPI.m */,
				C6EC37651745F33B0085E6ED /* WeiboAPI+AccountMethods.h */,
				C6EC37661745F33C0085E6ED /* WeiboAPI+AccountMethods.m */,
				C6EC37561745F13A0085E6ED /* WeiboAPI+StatusMethods.h */,
				C6EC37571745F13A0085E6ED /* WeiboAPI+StatusMethods.m */,
				C6EC375B1745F26C0085E6ED /* WeiboAPI+DirectMessages.h */,
				C6EC375C1745F26D0085E6ED /* WeiboAPI+DirectMessages.m */,
				C6EC37601745F2BA0085E6ED /* WeiboAPI+UnreadCount.h */,
				C6EC37611745F2BA0085E6ED /* WeiboAPI+UnreadCount.m */,
				C6EC37511745EF9C0085E6ED /* WeiboAPI+UserMethods.h */,
				C6EC37521745EF9C0085E6ED /* WeiboAPI+UserMethods.m */,
				C6EC374C1745EE570085E6ED /* WeiboAPI+Private.h */,
				C6EC374D1745EE570085E6ED /* WeiboAPI+Private.m */,
				C6084B4117D1E13D00A667F2 /* WeiboAPI+SuperpowerAuth.h */,
				C6084B4217D1E13D00A667F2 /* WeiboAPI+SuperpowerAuth.m */,
			);
			name = API;
			sourceTree = "<group>";
		};
		C6DB909B14E4F07D001DE9F5 /* Support */ = {
			isa = PBXGroup;
			children = (
				C6FC9E6414E3C43D00094A8F /* WTCallback.h */,
				C6FC9E6514E3C43D00094A8F /* WTCallback.m */,
				C6DB908114E4C0F0001DE9F5 /* WTKeychain.h */,
				C6DB908214E4C0F0001DE9F5 /* WTKeychain.m */,
				C630CC6B152ABDED00A5AF7A /* WTFileManager.h */,
				C630CC6C152ABDED00A5AF7A /* WTFileManager.m */,
			);
			name = Support;
			sourceTree = "<group>";
		};
		C6E1CD5414E5FADF000137B9 /* Network */ = {
			isa = PBXGroup;
			children = (
				C6E2D05C14E6BF02000D3507 /* ASIHTTPRequest */,
				C6E1CD5914E5FB2E000137B9 /* WTHTTPRequest.h */,
				C6E1CD5A14E5FB2E000137B9 /* WTHTTPRequest.m */,
				C6F317B014E7CD2200A952FE /* WeiboRequestError.h */,
				C6F317B114E7CD2200A952FE /* WeiboRequestError.m */,
			);
			name = Network;
			sourceTree = "<group>";
		};
		C6E2D05C14E6BF02000D3507 /* ASIHTTPRequest */ = {
			isa = PBXGroup;
			children = (
				C6E2D05F14E6BF02000D3507 /* ASICacheDelegate.h */,
				C6E2D06014E6BF02000D3507 /* ASIDataCompressor.h */,
				C6E2D06114E6BF02000D3507 /* ASIDataCompressor.m */,
				C6E2D06214E6BF02000D3507 /* ASIDataDecompressor.h */,
				C6E2D06314E6BF02000D3507 /* ASIDataDecompressor.m */,
				C6E2D06414E6BF02000D3507 /* ASIDownloadCache.h */,
				C6E2D06514E6BF02000D3507 /* ASIDownloadCache.m */,
				C6E2D06614E6BF02000D3507 /* ASIFormDataRequest.h */,
				C6E2D06714E6BF02000D3507 /* ASIFormDataRequest.m */,
				C6E2D06814E6BF02000D3507 /* ASIHTTPRequest.h */,
				C6E2D06914E6BF02000D3507 /* ASIHTTPRequest.m */,
				C6E2D06A14E6BF02000D3507 /* ASIHTTPRequestConfig.h */,
				C6E2D06B14E6BF02000D3507 /* ASIHTTPRequestDelegate.h */,
				C6E2D06C14E6BF02000D3507 /* ASIInputStream.h */,
				C6E2D06D14E6BF02000D3507 /* ASIInputStream.m */,
				C6E2D06E14E6BF02000D3507 /* ASINetworkQueue.h */,
				C6E2D06F14E6BF02000D3507 /* ASINetworkQueue.m */,
				C6E2D07014E6BF02000D3507 /* ASIProgressDelegate.h */,
			);
			path = ASIHTTPRequest;
			sourceTree = "<group>";
		};
		C6ED9D0B17D62AF6008AA2A3 /* DirectMessages */ = {
			isa = PBXGroup;
			children = (
				C6ED9CAC17D4D83A008AA2A3 /* WeiboDirectMessage.h */,
				C6ED9CAD17D4D83A008AA2A3 /* WeiboDirectMessage.m */,
				C6ED9D0D17D62B46008AA2A3 /* WeiboDirectMessageConversation.h */,
				C6ED9D0E17D62B46008AA2A3 /* WeiboDirectMessageConversation.m */,
				C6ED9D1517D630D3008AA2A3 /* WeiboDirectMessagesConversationManager.h */,
				C6ED9D1617D630D3008AA2A3 /* WeiboDirectMessagesConversationManager.m */,
				C643871517D7769F0097FB72 /* WeiboDirectMessageStream.h */,
				C643871617D7769F0097FB72 /* WeiboDirectMessageStream.m */,
				C643871917D77BD00097FB72 /* WeiboSentDirectMessageStream.h */,
				C643871A17D77BD00097FB72 /* WeiboSentDirectMessageStream.m */,
				C643871D17D77BF20097FB72 /* WeiboReceivedDirectMessageStream.h */,
				C643871E17D77BF20097FB72 /* WeiboReceivedDirectMessageStream.m */,
			);
			name = DirectMessages;
			sourceTree = "<group>";
		};
		C6FC9E3714E3C3F300094A8F = {
			isa = PBXGroup;
			children = (
				C6011AF9151475D500A0A49C /* README.md */,
				C6FC9E6314E3C40200094A8F /* WeiboSDK */,
				C6FC9E4514E3C3F400094A8F /* Frameworks */,
				C6FC9E4314E3C3F400094A8F /* Products */,
			);
			sourceTree = "<group>";
		};
		C6FC9E4314E3C3F400094A8F /* Products */ = {
			isa = PBXGroup;
			children = (
				C6B4DC1414ED347C0032A8CF /* libWeiboSDK.a */,
			);
			name = Products;
			sourceTree = "<group>";
		};
		C6FC9E4514E3C3F400094A8F /* Frameworks */ = {
			isa = PBXGroup;
			children = (
				C6634FEB14EF352C0097E15B /* libz.dylib */,
				C6634FE914EF35240097E15B /* libz.1.dylib */,
				C6634FE714EF350B0097E15B /* Security.framework */,
				C6634FE514EF35050097E15B /* SystemConfiguration.framework */,
				C6634FE214EF34FC0097E15B /* CoreLocation.framework */,
				C6DB908A14E4E11E001DE9F5 /* libicucore.dylib */,
				C6FC9E4614E3C3F400094A8F /* Cocoa.framework */,
				C6FC9E4814E3C3F400094A8F /* Other Frameworks */,
			);
			name = Frameworks;
			sourceTree = "<group>";
		};
		C6FC9E4814E3C3F400094A8F /* Other Frameworks */ = {
			isa = PBXGroup;
			children = (
				C6FC9E4914E3C3F400094A8F /* AppKit.framework */,
				C6FC9E4A14E3C3F400094A8F /* CoreData.framework */,
				C6FC9E4B14E3C3F400094A8F /* Foundation.framework */,
			);
			name = "Other Frameworks";
			sourceTree = "<group>";
		};
		C6FC9E6314E3C40200094A8F /* WeiboSDK */ = {
			isa = PBXGroup;
			children = (
				C6B4DC1714ED347C0032A8CF /* Supporting Files */,
				C6E1CD5414E5FADF000137B9 /* Network */,
				C6DB909B14E4F07D001DE9F5 /* Support */,
				C6DB909A14E4EF52001DE9F5 /* API */,
				C6DB909614E4EE7C001DE9F5 /* Model */,
				C6DB908C14E4E139001DE9F5 /* Utilities */,
				C6DB909014E4EE29001DE9F5 /* Weibo.h */,
				C6DB909114E4EE29001DE9F5 /* Weibo.m */,
				C617C90414EB56C600CC75F5 /* WeiboConstants.h */,
				C6872C9917B63F7B00AA38BF /* WeiboAppInfo.h */,
			);
			name = WeiboSDK;
			sourceTree = "<group>";
		};
/* End PBXGroup section */

/* Begin PBXHeadersBuildPhase section */
		C6B4DC1214ED347C0032A8CF /* Headers */ = {
			isa = PBXHeadersBuildPhase;
			buildActionMask = 2147483647;
			files = (
				C68B2F8017ACD257005CC80C /* WeiboStatusSourceFilter.h in Headers */,
				C620027817A407DD00283648 /* WeiboList.h in Headers */,
				C6DE37D914EF85BB004DAFE9 /* ABActiveRange.h in Headers */,
				C67ED9AD1501B0E80059AF71 /* WeiboComment.h in Headers */,
				C6084B3F17D1DD1E00A667F2 /* WeiboAccount+Superpower.h in Headers */,
				C6ED9D1717D630D3008AA2A3 /* WeiboDirectMessagesConversationManager.h in Headers */,
				C6011B15151484BE00A0A49C /* LocalAutocompleteDB.h in Headers */,
				C68B2F7417ACD1FA005CC80C /* WeiboStatusKeywordFilter.h in Headers */,
				C620028017A42BB800283648 /* WeiboAccount+Lists.h in Headers */,
				C6B8C52D1514DC1D00935AC5 /* WTAutoCompleteResultItem.h in Headers */,
				C643871717D7769F0097FB72 /* WeiboDirectMessageStream.h in Headers */,
				C6B8C5321514DC7200935AC5 /* WeiboAutocompleteResultItem.h in Headers */,
				C6653D91155686A000350990 /* WeiboFavoriteStatus.h in Headers */,
				C68B2F8417AD222C005CC80C /* WeiboAccount+Filters.h in Headers */,
				C643871B17D77BD00097FB72 /* WeiboSentDirectMessageStream.h in Headers */,
				C68B2F7C17ACD23A005CC80C /* WeiboStatusUserHighlighter.h in Headers */,
				C6094FAC155766500038C7D2 /* WeiboStatusStreamFilterSimpleSearchFilter.h in Headers */,
				C6ED9CAE17D4D83A008AA2A3 /* WeiboDirectMessage.h in Headers */,
				C6094FB11557E95A0038C7D2 /* WeiboTrendStatusesStream.h in Headers */,
				C620027C17A4116E00283648 /* WeiboListStream.h in Headers */,
				C61E986715A9921100C42FE5 /* WeiboEmotion.h in Headers */,
				C6E0BC2415E8A222007BAA20 /* JSONKit.h in Headers */,
				C60B51231745D6A200E99C07 /* WeiboUserList.h in Headers */,
				C6084B4317D1E13D00A667F2 /* WeiboAPI+SuperpowerAuth.h in Headers */,
				C60B51281745D72F00E99C07 /* WeiboUserUserList.h in Headers */,
				C60B512D1745DB7F00E99C07 /* WeiboUserRelationshipUserList.h in Headers */,
				C68B2F6F17ACD0B7005CC80C /* WeiboStatusFilter.h in Headers */,
				C6ED9D0F17D62B46008AA2A3 /* WeiboDirectMessageConversation.h in Headers */,
				C60B51321745DBB100E99C07 /* WeiboUserFollowersList.h in Headers */,
				C60B51371745DBCA00E99C07 /* WeiboUserFollowingList.h in Headers */,
				C6EC374E1745EE570085E6ED /* WeiboAPI+Private.h in Headers */,
				C6EC37531745EF9C0085E6ED /* WeiboAPI+UserMethods.h in Headers */,
				C6EC37581745F13B0085E6ED /* WeiboAPI+StatusMethods.h in Headers */,
				C68B2F7817ACD222005CC80C /* WeiboStatusUserFilter.h in Headers */,
				C6084B4B17D2056500A667F2 /* WeiboSuperpowerAPI.h in Headers */,
				C6EC375D1745F26D0085E6ED /* WeiboAPI+DirectMessages.h in Headers */,
				C682BAC117C3C0B500B3149F /* WeiboStatusAccountMentionFilter.h in Headers */,
				C643871F17D77BF20097FB72 /* WeiboReceivedDirectMessageStream.h in Headers */,
				C6EC37621745F2BA0085E6ED /* WeiboAPI+UnreadCount.h in Headers */,
				C6EC37671745F33C0085E6ED /* WeiboAPI+AccountMethods.h in Headers */,
				C6880781174E048000FD69F4 /* WeiboComposition.h in Headers */,
				C638914A175840400005069A /* WeiboPicture.h in Headers */,
				C6872C9A17B63F7B00AA38BF /* WeiboAppInfo.h in Headers */,
			);
			runOnlyForDeploymentPostprocessing = 0;
		};
/* End PBXHeadersBuildPhase section */

/* Begin PBXNativeTarget section */
		C6B4DC1314ED347C0032A8CF /* WeiboSDK */ = {
			isa = PBXNativeTarget;
			buildConfigurationList = C6B4DC1C14ED347C0032A8CF /* Build configuration list for PBXNativeTarget "WeiboSDK" */;
			buildPhases = (
				C6B4DC1014ED347C0032A8CF /* Sources */,
				C6B4DC1114ED347C0032A8CF /* Frameworks */,
				C6B4DC1214ED347C0032A8CF /* Headers */,
			);
			buildRules = (
			);
			dependencies = (
			);
			name = WeiboSDK;
			productName = WeiboSDKEngine;
			productReference = C6B4DC1414ED347C0032A8CF /* libWeiboSDK.a */;
			productType = "com.apple.product-type.library.static";
		};
/* End PBXNativeTarget section */

/* Begin PBXProject section */
		C6FC9E3914E3C3F300094A8F /* Project object */ = {
			isa = PBXProject;
			attributes = {
				LastUpgradeCheck = 0500;
				ORGANIZATIONNAME = Wutian;
			};
			buildConfigurationList = C6FC9E3C14E3C3F300094A8F /* Build configuration list for PBXProject "Weibo" */;
			compatibilityVersion = "Xcode 3.2";
			developmentRegion = English;
			hasScannedForEncodings = 0;
			knownRegions = (
				en,
			);
			mainGroup = C6FC9E3714E3C3F300094A8F;
			productRefGroup = C6FC9E4314E3C3F400094A8F /* Products */;
			projectDirPath = "";
			projectRoot = "";
			targets = (
				C6B4DC1314ED347C0032A8CF /* WeiboSDK */,
			);
		};
/* End PBXProject section */

/* Begin PBXSourcesBuildPhase section */
		C6B4DC1014ED347C0032A8CF /* Sources */ = {
			isa = PBXSourcesBuildPhase;
			buildActionMask = 2147483647;
			files = (
				C6CDEC7F1661A0330013C1EA /* WeiboLayoutCache.m in Sources */,
				C6094FA7155764FE0038C7D2 /* WeiboStatusStreamFilter.m in Sources */,
				C6653D8E1556715800350990 /* WeiboFavoritesStream.m in Sources */,
				C630CC6F152ABFDA00A5AF7A /* WTFileManager.m in Sources */,
				C6B8C51D1514D75D00935AC5 /* FMDatabase.m in Sources */,
				C6B8C51E1514D75D00935AC5 /* FMDatabaseAdditions.m in Sources */,
				C6B8C51F1514D75D00935AC5 /* FMDatabasePool.m in Sources */,
				C6B8C5201514D75D00935AC5 /* FMDatabaseQueue.m in Sources */,
				C6B8C5221514D75D00935AC5 /* FMResultSet.m in Sources */,
				C6DC00DF150DC4C500E95B58 /* WeiboRepliesStream.m in Sources */,
				C643872017D77BF20097FB72 /* WeiboReceivedDirectMessageStream.m in Sources */,
				C68009EA14FE788400FA3175 /* NSArray+WeiboAdditions.m in Sources */,
				C68009E514FE788400FA3175 /* WeiboUnread.m in Sources */,
				C6FBECBE14F5D73200430A81 /* WeiboUserStream.m in Sources */,
				C6FBECBF14F5D73200430A81 /* WeiboUserTimelineStream.m in Sources */,
				C68B2F8117ACD257005CC80C /* WeiboStatusSourceFilter.m in Sources */,
				C620027917A407DD00283648 /* WeiboList.m in Sources */,
				C68B2F7D17ACD23A005CC80C /* WeiboStatusUserHighlighter.m in Sources */,
				C6FBECC014F5D73200430A81 /* WeiboStream.m in Sources */,
				C6FBECC114F5D73200430A81 /* WeiboConcreteStatusesStream.m in Sources */,
				C6FBECC214F5D73200430A81 /* WeiboAccountStream.m in Sources */,
				C6FBECC314F5D73200430A81 /* WeiboTimelineStream.m in Sources */,
				C6FBECC414F5D73200430A81 /* WeiboMentionsStream.m in Sources */,
				C68B2F8517AD222C005CC80C /* WeiboAccount+Filters.m in Sources */,
				C620028117A42BB800283648 /* WeiboAccount+Lists.m in Sources */,
				C6FBECC514F5D73200430A81 /* WeiboCommentsTimelineStream.m in Sources */,
				C643871817D7769F0097FB72 /* WeiboDirectMessageStream.m in Sources */,
				C6053FB714F2462B003A581D /* WTActiveTextRanges.m in Sources */,
				C68B2F7917ACD222005CC80C /* WeiboStatusUserFilter.m in Sources */,
				C6053FB514F24616003A581D /* WeiboBaseStatus.m in Sources */,
				C6647D3014ED638E00422998 /* ASIDataCompressor.m in Sources */,
				C6ED9D1817D630D3008AA2A3 /* WeiboDirectMessagesConversationManager.m in Sources */,
				C643871C17D77BD00097FB72 /* WeiboSentDirectMessageStream.m in Sources */,
				C6647D3214ED638E00422998 /* ASIDataDecompressor.m in Sources */,
				C6647D3414ED638E00422998 /* ASIDownloadCache.m in Sources */,
				C6647D3614ED638E00422998 /* ASIFormDataRequest.m in Sources */,
				C6ED9D1017D62B46008AA2A3 /* WeiboDirectMessageConversation.m in Sources */,
				C6647D3814ED638E00422998 /* ASIHTTPRequest.m in Sources */,
				C6084B4017D1DD1E00A667F2 /* WeiboAccount+Superpower.m in Sources */,
				C6647D3C14ED638E00422998 /* ASIInputStream.m in Sources */,
				C6647D3E14ED638E00422998 /* ASINetworkQueue.m in Sources */,
				C6647D4114ED638E00422998 /* WTHTTPRequest.m in Sources */,
				C6647D4314ED638E00422998 /* WeiboRequestError.m in Sources */,
				C6647D4514ED638E00422998 /* WTCallback.m in Sources */,
				C6647D4714ED638E00422998 /* WTKeychain.m in Sources */,
				C6647D4914ED638E00422998 /* WeiboAPI.m in Sources */,
				C6647D4D14ED638E00422998 /* WeiboAccount.m in Sources */,
				C6647D4F14ED638E00422998 /* WeiboStatus.m in Sources */,
				C6647D5114ED638E00422998 /* WeiboUser.m in Sources */,
				C6647D5314ED638E00422998 /* WeiboConfiguration.m in Sources */,
				C6647D5714ED638E00422998 /* WeiboGeotag.m in Sources */,
				C6084B4C17D2056500A667F2 /* WeiboSuperpowerAPI.m in Sources */,
				C6647D5914ED638E00422998 /* NSDictionary+WeiboAdditions.m in Sources */,
				C68B2F7517ACD1FA005CC80C /* WeiboStatusKeywordFilter.m in Sources */,
				C6647D5B14ED638E00422998 /* WTOASingnaturer.m in Sources */,
				C6647D5E14ED638E00422998 /* Base64Transcoder.c in Sources */,
				C6647D6114ED638E00422998 /* NSString+URLEncoding.m in Sources */,
				C6647D6514ED638E00422998 /* NSURL+Base.m in Sources */,
				C6647D6914ED638E00422998 /* OAToken.m in Sources */,
				C620027D17A4116E00283648 /* WeiboListStream.m in Sources */,
				C6647D6B14ED638E00422998 /* OAConsumer.m in Sources */,
				C6647D6F14ED638E00422998 /* OAHMAC_SHA1SignatureProvider.m in Sources */,
				C6647D7114ED638E00422998 /* OAPlaintextSignatureProvider.m in Sources */,
				C6084B4417D1E13D00A667F2 /* WeiboAPI+SuperpowerAuth.m in Sources */,
				C6647D7314ED638E00422998 /* OARequestParameter.m in Sources */,
				C6647D7B14ED638E00422998 /* RegexKitLite.m in Sources */,
				C68B2F7017ACD0B7005CC80C /* WeiboStatusFilter.m in Sources */,
				C6647D7E14ED638E00422998 /* Weibo.m in Sources */,
				C6053FEC14F382E2003A581D /* SSKeychain.m in Sources */,
				C6DE37D814EF85BB004DAFE9 /* ABActiveRange.m in Sources */,
				C67ED9AF1501B0E80059AF71 /* WeiboComment.m in Sources */,
				C6011B17151484BE00A0A49C /* LocalAutocompleteDB.m in Sources */,
				C6B8C5341514DC7200935AC5 /* WeiboAutocompleteResultItem.m in Sources */,
				C6653D93155686A000350990 /* WeiboFavoriteStatus.m in Sources */,
				C6094FAE155766500038C7D2 /* WeiboStatusStreamFilterSimpleSearchFilter.m in Sources */,
				C6094FB31557E95A0038C7D2 /* WeiboTrendStatusesStream.m in Sources */,
				C61E986915A9921100C42FE5 /* WeiboEmotion.m in Sources */,
				C6E0BC2515E8A222007BAA20 /* JSONKit.m in Sources */,
				C60B51251745D6A200E99C07 /* WeiboUserList.m in Sources */,
				C6ED9CAF17D4D83A008AA2A3 /* WeiboDirectMessage.m in Sources */,
				C60B512A1745D72F00E99C07 /* WeiboUserUserList.m in Sources */,
				C60B512F1745DB7F00E99C07 /* WeiboUserRelationshipUserList.m in Sources */,
				C60B51341745DBB100E99C07 /* WeiboUserFollowersList.m in Sources */,
				C60B51391745DBCA00E99C07 /* WeiboUserFollowingList.m in Sources */,
				C6EC37501745EE570085E6ED /* WeiboAPI+Private.m in Sources */,
				C6EC37551745EF9C0085E6ED /* WeiboAPI+UserMethods.m in Sources */,
				C6EC375A1745F13B0085E6ED /* WeiboAPI+StatusMethods.m in Sources */,
				C6EC375F1745F26D0085E6ED /* WeiboAPI+DirectMessages.m in Sources */,
				C6EC37641745F2BA0085E6ED /* WeiboAPI+UnreadCount.m in Sources */,
				C682BAC217C3C0B500B3149F /* WeiboStatusAccountMentionFilter.m in Sources */,
				C6EC37691745F33C0085E6ED /* WeiboAPI+AccountMethods.m in Sources */,
				C638914B175840400005069A /* WeiboPicture.m in Sources */,
			);
			runOnlyForDeploymentPostprocessing = 0;
		};
/* End PBXSourcesBuildPhase section */

/* Begin XCBuildConfiguration section */
		C6B4DC1D14ED347C0032A8CF /* Debug */ = {
			isa = XCBuildConfiguration;
			buildSettings = {
				COMBINE_HIDPI_IMAGES = YES;
				GCC_PRECOMPILE_PREFIX_HEADER = YES;
				GCC_PREFIX_HEADER = "WeiboSDK/WeiboSDK-Prefix.pch";
				PRODUCT_NAME = "$(TARGET_NAME)";
			};
			name = Debug;
		};
		C6B4DC1E14ED347C0032A8CF /* Release */ = {
			isa = XCBuildConfiguration;
			buildSettings = {
				COMBINE_HIDPI_IMAGES = YES;
				GCC_PRECOMPILE_PREFIX_HEADER = YES;
				GCC_PREFIX_HEADER = "WeiboSDK/WeiboSDK-Prefix.pch";
				PRODUCT_NAME = "$(TARGET_NAME)";
			};
			name = Release;
		};
		C6FC9E5E14E3C3F400094A8F /* Debug */ = {
			isa = XCBuildConfiguration;
			buildSettings = {
				ALWAYS_SEARCH_USER_PATHS = NO;
				CLANG_WARN_BOOL_CONVERSION = YES;
				CLANG_WARN_CONSTANT_CONVERSION = YES;
				CLANG_WARN_EMPTY_BODY = YES;
				CLANG_WARN_ENUM_CONVERSION = YES;
				CLANG_WARN_INT_CONVERSION = YES;
				CLANG_WARN__DUPLICATE_METHOD_MATCH = YES;
				COPY_PHASE_STRIP = NO;
				GCC_C_LANGUAGE_STANDARD = gnu99;
				GCC_DYNAMIC_NO_PIC = NO;
				GCC_ENABLE_OBJC_EXCEPTIONS = YES;
				GCC_OPTIMIZATION_LEVEL = 0;
				GCC_PREPROCESSOR_DEFINITIONS = (
					"DEBUG=1",
					"$(inherited)",
				);
				GCC_SYMBOLS_PRIVATE_EXTERN = NO;
				GCC_VERSION = com.apple.compilers.llvm.clang.1_0;
				GCC_WARN_64_TO_32_BIT_CONVERSION = YES;
				GCC_WARN_ABOUT_MISSING_PROTOTYPES = YES;
				GCC_WARN_ABOUT_RETURN_TYPE = YES;
				GCC_WARN_UNDECLARED_SELECTOR = YES;
				GCC_WARN_UNINITIALIZED_AUTOS = YES;
				GCC_WARN_UNUSED_FUNCTION = NO;
				GCC_WARN_UNUSED_VARIABLE = YES;
				MACOSX_DEPLOYMENT_TARGET = 10.7;
				ONLY_ACTIVE_ARCH = YES;
				SDKROOT = macosx;
			};
			name = Debug;
		};
		C6FC9E5F14E3C3F400094A8F /* Release */ = {
			isa = XCBuildConfiguration;
			buildSettings = {
				ALWAYS_SEARCH_USER_PATHS = NO;
				CLANG_WARN_BOOL_CONVERSION = YES;
				CLANG_WARN_CONSTANT_CONVERSION = YES;
				CLANG_WARN_EMPTY_BODY = YES;
				CLANG_WARN_ENUM_CONVERSION = YES;
				CLANG_WARN_INT_CONVERSION = YES;
				CLANG_WARN__DUPLICATE_METHOD_MATCH = YES;
				COPY_PHASE_STRIP = YES;
				DEBUG_INFORMATION_FORMAT = "dwarf-with-dsym";
				GCC_C_LANGUAGE_STANDARD = gnu99;
				GCC_ENABLE_OBJC_EXCEPTIONS = YES;
				GCC_VERSION = com.apple.compilers.llvm.clang.1_0;
				GCC_WARN_64_TO_32_BIT_CONVERSION = YES;
				GCC_WARN_ABOUT_MISSING_PROTOTYPES = YES;
				GCC_WARN_ABOUT_RETURN_TYPE = YES;
				GCC_WARN_UNDECLARED_SELECTOR = YES;
				GCC_WARN_UNINITIALIZED_AUTOS = YES;
				GCC_WARN_UNUSED_FUNCTION = NO;
				GCC_WARN_UNUSED_VARIABLE = YES;
				MACOSX_DEPLOYMENT_TARGET = 10.7;
				SDKROOT = macosx;
			};
			name = Release;
		};
/* End XCBuildConfiguration section */

/* Begin XCConfigurationList section */
		C6B4DC1C14ED347C0032A8CF /* Build configuration list for PBXNativeTarget "WeiboSDK" */ = {
			isa = XCConfigurationList;
			buildConfigurations = (
				C6B4DC1D14ED347C0032A8CF /* Debug */,
				C6B4DC1E14ED347C0032A8CF /* Release */,
			);
			defaultConfigurationIsVisible = 0;
			defaultConfigurationName = Release;
		};
		C6FC9E3C14E3C3F300094A8F /* Build configuration list for PBXProject "Weibo" */ = {
			isa = XCConfigurationList;
			buildConfigurations = (
				C6FC9E5E14E3C3F400094A8F /* Debug */,
				C6FC9E5F14E3C3F400094A8F /* Release */,
			);
			defaultConfigurationIsVisible = 0;
			defaultConfigurationName = Release;
		};
/* End XCConfigurationList section */
	};
	rootObject = C6FC9E3914E3C3F300094A8F /* Project object */;
}
